<?xml version="1.0" encoding="utf-8"?>
<Project ToolsVersion="4.0" xmlns="http://schemas.microsoft.com/developer/msbuild/2003">
  <ItemGroup>
    <Filter Include="Header Files">
      <UniqueIdentifier>{93995380-89BD-4b04-88EB-625FBE52EBFB}</UniqueIdentifier>
      <Extensions>h;hpp;hxx;hm;inl;inc;xsd</Extensions>
    </Filter>
    <Filter Include="Resource Files">
      <UniqueIdentifier>{67DA6AB6-F800-4c08-8B7A-83BB121AAD01}</UniqueIdentifier>
      <Extensions>rc;ico;cur;bmp;dlg;rc2;rct;bin;rgs;gif;jpg;jpeg;jpe;resx;tiff;tif;png;wav;mfcribbon-ms</Extensions>
    </Filter>
    <Filter Include="Source Files">
      <UniqueIdentifier>{31d8e3ae-cd81-41c0-a52a-208c1bc8e5a8}</UniqueIdentifier>
    </Filter>
    <Filter Include="Source Files\meta">
      <UniqueIdentifier>{deea17d1-9994-40c4-b1c8-3f569b76dce2}</UniqueIdentifier>
    </Filter>
    <Filter Include="Source Files\meta\interface">
      <UniqueIdentifier>{6e38646f-3b4a-4f92-9217-f840b6603913}</UniqueIdentifier>
    </Filter>
    <Filter Include="Source Files\interface">
      <UniqueIdentifier>{b5a59e94-bc8b-4d20-976e-fb81ea4564ae}</UniqueIdentifier>
    </Filter>
    <Filter Include="Source Files\interface\imgui">
      <UniqueIdentifier>{9be75c0d-932e-4f86-afcf-c15fe6e48358}</UniqueIdentifier>
    </Filter>
    <Filter Include="Source Files\interface\docks">
      <UniqueIdentifier>{bc20193d-9b53-4a8f-8f2c-ee0ac8550f51}</UniqueIdentifier>
    </Filter>
    <Filter Include="Source Files\interface\gizmos">
      <UniqueIdentifier>{a4b8bf1d-9da3-49c2-8db7-ede8239570aa}</UniqueIdentifier>
    </Filter>
    <Filter Include="Source Files\interface\inspectors">
      <UniqueIdentifier>{3f89258e-24c9-4d2e-b89c-b073d459a374}</UniqueIdentifier>
    </Filter>
    <Filter Include="Source Files\filedialog">
      <UniqueIdentifier>{90d169b6-3fbe-4f62-8e00-00e1078863e9}</UniqueIdentifier>
    </Filter>
    <Filter Include="Source Files\filedialog\ndf">
      <UniqueIdentifier>{232f9dbb-da6f-4456-925d-201efe636e10}</UniqueIdentifier>
    </Filter>
    <Filter Include="Source Files\console">
      <UniqueIdentifier>{2c030f46-49ce-46dd-9535-82b16588dca1}</UniqueIdentifier>
    </Filter>
    <Filter Include="Source Files\assets">
      <UniqueIdentifier>{ca56bce2-fe3e-4352-90c7-40a99db469d4}</UniqueIdentifier>
    </Filter>
    <Filter Include="Source Files\editing">
      <UniqueIdentifier>{afcceacd-080c-4519-933b-c04d5ca154e8}</UniqueIdentifier>
    </Filter>
    <Filter Include="Source Files\rendering">
      <UniqueIdentifier>{982a4dd9-70e7-4426-a355-bd4abe94d78a}</UniqueIdentifier>
    </Filter>
    <Filter Include="Source Files\system">
      <UniqueIdentifier>{0c858fbc-b45f-4503-b192-434e3944a184}</UniqueIdentifier>
    </Filter>
  </ItemGroup>
  <ItemGroup>
    <ResourceCompile Include="..\..\res\common.rc">
      <Filter>Resource Files</Filter>
    </ResourceCompile>
  </ItemGroup>
  <ItemGroup>
    <ClInclude Include="..\..\res\resource.h">
      <Filter>Resource Files</Filter>
    </ClInclude>
    <ClInclude Include="..\..\source\editor\interface\imgui\imconfig.h">
      <Filter>Source Files\interface\imgui</Filter>
    </ClInclude>
    <ClInclude Include="..\..\source\editor\interface\imgui\imgui.h">
      <Filter>Source Files\interface\imgui</Filter>
    </ClInclude>
    <ClInclude Include="..\..\source\editor\interface\imgui\imgui_internal.h">
      <Filter>Source Files\interface\imgui</Filter>
    </ClInclude>
    <ClInclude Include="..\..\source\editor\interface\imgui\imgui_user.h">
      <Filter>Source Files\interface\imgui</Filter>
    </ClInclude>
    <ClInclude Include="..\..\source\editor\interface\imgui\stb_rect_pack.h">
      <Filter>Source Files\interface\imgui</Filter>
    </ClInclude>
    <ClInclude Include="..\..\source\editor\interface\imgui\stb_textedit.h">
      <Filter>Source Files\interface\imgui</Filter>
    </ClInclude>
    <ClInclude Include="..\..\source\editor\interface\imgui\stb_truetype.h">
      <Filter>Source Files\interface\imgui</Filter>
    </ClInclude>
    <ClInclude Include="..\..\source\editor\filedialog\nfd\common.h">
      <Filter>Source Files\filedialog\ndf</Filter>
    </ClInclude>
    <ClInclude Include="..\..\source\editor\filedialog\nfd\nfd.h">
      <Filter>Source Files\filedialog\ndf</Filter>
    </ClInclude>
    <ClInclude Include="..\..\source\editor\filedialog\nfd\nfd_common.h">
      <Filter>Source Files\filedialog\ndf</Filter>
    </ClInclude>
    <ClInclude Include="..\..\source\editor\interface\docks\docking.h">
      <Filter>Source Files\interface\docks</Filter>
    </ClInclude>
    <ClInclude Include="..\..\source\editor\interface\gui_system.h">
      <Filter>Source Files\interface</Filter>
    </ClInclude>
    <ClInclude Include="..\..\source\editor\interface\gui_window.h">
      <Filter>Source Files\interface</Filter>
    </ClInclude>
    <ClInclude Include="..\..\source\editor\meta\interface\gui_system.hpp">
      <Filter>Source Files\meta\interface</Filter>
    </ClInclude>
    <ClInclude Include="..\..\source\editor\interface\Inspectors\inspectors.h">
      <Filter>Source Files\interface\inspectors</Filter>
    </ClInclude>
    <ClInclude Include="..\..\source\editor\interface\Inspectors\inspector_math.h">
      <Filter>Source Files\interface\inspectors</Filter>
    </ClInclude>
    <ClInclude Include="..\..\source\editor\interface\Inspectors\inspector_light.h">
      <Filter>Source Files\interface\inspectors</Filter>
    </ClInclude>
    <ClInclude Include="..\..\source\editor\interface\Inspectors\inspector_entity.h">
      <Filter>Source Files\interface\inspectors</Filter>
    </ClInclude>
    <ClInclude Include="..\..\source\editor\interface\Inspectors\inspector_basetypes.h">
      <Filter>Source Files\interface\inspectors</Filter>
    </ClInclude>
    <ClInclude Include="..\..\source\editor\interface\Inspectors\inspector_coretypes.h">
      <Filter>Source Files\interface\inspectors</Filter>
    </ClInclude>
    <ClInclude Include="..\..\source\editor\interface\Inspectors\inspector_assets.h">
      <Filter>Source Files\interface\inspectors</Filter>
    </ClInclude>
    <ClInclude Include="..\..\source\editor\interface\Inspectors\inspector.h">
      <Filter>Source Files\interface\inspectors</Filter>
    </ClInclude>
    <ClInclude Include="..\..\source\editor\console\console_log.h">
      <Filter>Source Files\console</Filter>
    </ClInclude>
    <ClInclude Include="..\..\source\editor\assets\asset_compiler.h">
      <Filter>Source Files\assets</Filter>
    </ClInclude>
    <ClInclude Include="..\..\source\editor\interface\gizmos\imguizmo.h">
      <Filter>Source Files\interface\gizmos</Filter>
    </ClInclude>
    <ClInclude Include="..\..\source\editor\interface\docks\imguidock.h">
      <Filter>Source Files\interface\docks</Filter>
    </ClInclude>
    <ClInclude Include="..\..\source\editor\filedialog\filedialog.h">
      <Filter>Source Files\filedialog</Filter>
    </ClInclude>
    <ClInclude Include="..\..\source\editor\assets\mesh_importer.h">
      <Filter>Source Files\assets</Filter>
    </ClInclude>
    <ClInclude Include="..\..\source\editor\interface\docks\game_dock.h">
      <Filter>Source Files\interface\docks</Filter>
    </ClInclude>
    <ClInclude Include="..\..\source\editor\interface\docks\hierarchy_dock.h">
      <Filter>Source Files\interface\docks</Filter>
    </ClInclude>
    <ClInclude Include="..\..\source\editor\interface\docks\inspector_dock.h">
      <Filter>Source Files\interface\docks</Filter>
    </ClInclude>
    <ClInclude Include="..\..\source\editor\interface\docks\scene_dock.h">
      <Filter>Source Files\interface\docks</Filter>
    </ClInclude>
    <ClInclude Include="..\..\source\editor\interface\docks\style_dock.h">
      <Filter>Source Files\interface\docks</Filter>
    </ClInclude>
    <ClInclude Include="..\..\source\editor\interface\docks\assets_dock.h">
      <Filter>Source Files\interface\docks</Filter>
    </ClInclude>
    <ClInclude Include="..\..\source\editor\interface\docks\console_dock.h">
      <Filter>Source Files\interface\docks</Filter>
    </ClInclude>
    <ClInclude Include="..\..\source\editor\system\editor_window.h">
      <Filter>Source Files\system</Filter>
    </ClInclude>
    <ClInclude Include="..\..\source\editor\system\project_manager.h">
      <Filter>Source Files\system</Filter>
    </ClInclude>
    <ClInclude Include="..\..\source\editor\rendering\debugdraw_system.h">
      <Filter>Source Files\rendering</Filter>
    </ClInclude>
    <ClInclude Include="..\..\source\editor\editing\editing_system.h">
      <Filter>Source Files\editing</Filter>
    </ClInclude>
    <ClInclude Include="..\..\source\editor\editing\picking_system.h">
      <Filter>Source Files\editing</Filter>
    </ClInclude>
    <ClInclude Include="..\..\source\editor\system\app.h">
      <Filter>Source Files\system</Filter>
    </ClInclude>
    <ClInclude Include="..\..\source\editor\meta\project_manager.hpp">
      <Filter>Source Files\meta</Filter>
    </ClInclude>
  </ItemGroup>
  <ItemGroup>
    <ClCompile Include="..\..\source\editor\main.cpp">
      <Filter>Source Files</Filter>
    </ClCompile>
    <ClCompile Include="..\..\source\editor\interface\imgui\imgui.cpp">
      <Filter>Source Files\interface\imgui</Filter>
    </ClCompile>
    <ClCompile Include="..\..\source\editor\interface\imgui\imgui_draw.cpp">
      <Filter>Source Files\interface\imgui</Filter>
    </ClCompile>
    <ClCompile Include="..\..\source\editor\filedialog\nfd\nfd_common.cpp">
      <Filter>Source Files\filedialog\ndf</Filter>
    </ClCompile>
    <ClCompile Include="..\..\source\editor\filedialog\nfd\nfd_win.cpp">
      <Filter>Source Files\filedialog\ndf</Filter>
    </ClCompile>
    <ClCompile Include="..\..\source\editor\interface\docks\docking.cpp">
      <Filter>Source Files\interface\docks</Filter>
    </ClCompile>
    <ClCompile Include="..\..\source\editor\interface\gui_system.cpp">
      <Filter>Source Files\interface</Filter>
    </ClCompile>
    <ClCompile Include="..\..\source\editor\interface\gui_window.cpp">
      <Filter>Source Files\interface</Filter>
    </ClCompile>
    <ClCompile Include="..\..\source\editor\interface\docks\style_dock.cpp">
      <Filter>Source Files\interface\docks</Filter>
    </ClCompile>
    <ClCompile Include="..\..\source\editor\interface\docks\scene_dock.cpp">
      <Filter>Source Files\interface\docks</Filter>
    </ClCompile>
    <ClCompile Include="..\..\source\editor\interface\docks\inspector_dock.cpp">
      <Filter>Source Files\interface\docks</Filter>
    </ClCompile>
    <ClCompile Include="..\..\source\editor\interface\docks\hierarchy_dock.cpp">
      <Filter>Source Files\interface\docks</Filter>
    </ClCompile>
    <ClCompile Include="..\..\source\editor\interface\docks\game_dock.cpp">
      <Filter>Source Files\interface\docks</Filter>
    </ClCompile>
    <ClCompile Include="..\..\source\editor\interface\docks\console_dock.cpp">
      <Filter>Source Files\interface\docks</Filter>
    </ClCompile>
    <ClCompile Include="..\..\source\editor\interface\docks\assets_dock.cpp">
      <Filter>Source Files\interface\docks</Filter>
    </ClCompile>
    <ClCompile Include="..\..\source\editor\interface\Inspectors\inspectors.cpp">
      <Filter>Source Files\interface\inspectors</Filter>
    </ClCompile>
    <ClCompile Include="..\..\source\editor\interface\Inspectors\inspector_math.cpp">
      <Filter>Source Files\interface\inspectors</Filter>
    </ClCompile>
    <ClCompile Include="..\..\source\editor\interface\Inspectors\inspector_light.cpp">
      <Filter>Source Files\interface\inspectors</Filter>
    </ClCompile>
    <ClCompile Include="..\..\source\editor\interface\Inspectors\inspector_entity.cpp">
      <Filter>Source Files\interface\inspectors</Filter>
    </ClCompile>
    <ClCompile Include="..\..\source\editor\interface\Inspectors\inspector_coretypes.cpp">
      <Filter>Source Files\interface\inspectors</Filter>
    </ClCompile>
    <ClCompile Include="..\..\source\editor\interface\Inspectors\inspector_basetypes.cpp">
      <Filter>Source Files\interface\inspectors</Filter>
    </ClCompile>
    <ClCompile Include="..\..\source\editor\interface\Inspectors\inspector_assets.cpp">
      <Filter>Source Files\interface\inspectors</Filter>
    </ClCompile>
    <ClCompile Include="..\..\source\editor\interface\Inspectors\inspector.cpp">
      <Filter>Source Files\interface\inspectors</Filter>
    </ClCompile>
    <ClCompile Include="..\..\source\editor\console\console_log.cpp">
      <Filter>Source Files\console</Filter>
    </ClCompile>
    <ClCompile Include="..\..\source\editor\assets\asset_compiler.cpp">
      <Filter>Source Files\assets</Filter>
    </ClCompile>
    <ClCompile Include="..\..\source\editor\interface\gizmos\imguizmo.cpp">
      <Filter>Source Files\interface\gizmos</Filter>
    </ClCompile>
    <ClCompile Include="..\..\source\editor\interface\docks\imguidock.cpp">
      <Filter>Source Files\interface\docks</Filter>
    </ClCompile>
    <ClCompile Include="..\..\source\editor\assets\mesh_importer.cpp">
      <Filter>Source Files\assets</Filter>
    </ClCompile>
    <ClCompile Include="..\..\source\editor\system\editor_window.cpp">
      <Filter>Source Files\system</Filter>
    </ClCompile>
    <ClCompile Include="..\..\source\editor\system\project_manager.cpp">
      <Filter>Source Files\system</Filter>
    </ClCompile>
    <ClCompile Include="..\..\source\editor\rendering\debugdraw_system.cpp">
      <Filter>Source Files\rendering</Filter>
    </ClCompile>
    <ClCompile Include="..\..\source\editor\editing\editing_system.cpp">
      <Filter>Source Files\editing</Filter>
    </ClCompile>
    <ClCompile Include="..\..\source\editor\editing\picking_system.cpp">
      <Filter>Source Files\editing</Filter>
    </ClCompile>
    <ClCompile Include="..\..\source\editor\system\app.cpp">
      <Filter>Source Files\system</Filter>
    </ClCompile>
  </ItemGroup>
  <ItemGroup>
    <None Include="..\..\source\editor\interface\imgui\imgui_user.inl">
      <Filter>Source Files\interface\imgui</Filter>
    </None>
  </ItemGroup>
</Project>