
Microsoft Visual Studio Solution File, Format Version 12.00
# Visual Studio 14
VisualStudioVersion = 14.0.25420.1
MinimumVisualStudioVersion = 10.0.40219.1
Project("{8BC9CEB8-8B4A-11D0-8D11-00A0C91BC942}") = "runtime", "..\..\..\engine\projects\vc14\runtime.vcxproj", "{B340CE5B-CFF1-4FD5-A1ED-4F74C628F525}"
	ProjectSection(ProjectDependencies) = postProject
		{449848FA-A97C-43A4-99BA-5E5B333FD76B} = {449848FA-A97C-43A4-99BA-5E5B333FD76B}
	EndProjectSection
EndProject
Project("{8BC9CEB8-8B4A-11D0-8D11-00A0C91BC942}") = "editor", "editor.vcxproj", "{48467439-9939-47F7-9908-99F6B287AB7C}"
EndProject
Project("{8BC9CEB8-8B4A-11D0-8D11-00A0C91BC942}") = "core", "..\..\..\engine\projects\vc14\core.vcxproj", "{449848FA-A97C-43A4-99BA-5E5B333FD76B}"
EndProject
Project("{8BC9CEB8-8B4A-11D0-8D11-00A0C91BC942}") = "shaderc", "shaderc.vcxproj", "{4B8A4AD9-D7C0-4978-99D7-F4E9DDE756AB}"
EndProject
Project("{8BC9CEB8-8B4A-11D0-8D11-00A0C91BC942}") = "graphics", "..\..\..\engine\projects\vc14\graphics.vcxproj", "{139958CC-CFD4-41F0-A663-B130E403D9A6}"
EndProject
Project("{8BC9CEB8-8B4A-11D0-8D11-00A0C91BC942}") = "glslang", "glslang.vcxproj", "{519DCD81-43C0-4769-8805-B51D2D2AAC4F}"
EndProject
Project("{2150E333-8FDC-42A3-9474-1A3956D46DE8}") = "engine", "engine", "{E130AA8C-3AFD-43BF-8EDC-195A6C71E165}"
EndProject
Project("{2150E333-8FDC-42A3-9474-1A3956D46DE8}") = "tools", "tools", "{BB779DD1-A6C8-4DAD-82A2-60D719AF3860}"
EndProject
Project("{8BC9CEB8-8B4A-11D0-8D11-00A0C91BC942}") = "texturec", "texturec.vcxproj", "{4F86D98A-2A3B-48F0-8B69-52AEDCDB9EAF}"
EndProject
Global
	GlobalSection(SolutionConfigurationPlatforms) = preSolution
		Debug|Win32 = Debug|Win32
		Debug|x64 = Debug|x64
		Release|Win32 = Release|Win32
		Release|x64 = Release|x64
	EndGlobalSection
	GlobalSection(ProjectConfigurationPlatforms) = postSolution
		{B340CE5B-CFF1-4FD5-A1ED-4F74C628F525}.Debug|Win32.ActiveCfg = Debug|Win32
		{B340CE5B-CFF1-4FD5-A1ED-4F74C628F525}.Debug|Win32.Build.0 = Debug|Win32
		{B340CE5B-CFF1-4FD5-A1ED-4F74C628F525}.Debug|x64.ActiveCfg = Debug|x64
		{B340CE5B-CFF1-4FD5-A1ED-4F74C628F525}.Debug|x64.Build.0 = Debug|x64
		{B340CE5B-CFF1-4FD5-A1ED-4F74C628F525}.Release|Win32.ActiveCfg = Release|Win32
		{B340CE5B-CFF1-4FD5-A1ED-4F74C628F525}.Release|Win32.Build.0 = Release|Win32
		{B340CE5B-CFF1-4FD5-A1ED-4F74C628F525}.Release|x64.ActiveCfg = Release|x64
		{B340CE5B-CFF1-4FD5-A1ED-4F74C628F525}.Release|x64.Build.0 = Release|x64
		{48467439-9939-47F7-9908-99F6B287AB7C}.Debug|Win32.ActiveCfg = Debug|Win32
		{48467439-9939-47F7-9908-99F6B287AB7C}.Debug|Win32.Build.0 = Debug|Win32
		{48467439-9939-47F7-9908-99F6B287AB7C}.Debug|x64.ActiveCfg = Debug|x64
		{48467439-9939-47F7-9908-99F6B287AB7C}.Debug|x64.Build.0 = Debug|x64
		{48467439-9939-47F7-9908-99F6B287AB7C}.Release|Win32.ActiveCfg = Release|Win32
		{48467439-9939-47F7-9908-99F6B287AB7C}.Release|Win32.Build.0 = Release|Win32
		{48467439-9939-47F7-9908-99F6B287AB7C}.Release|x64.ActiveCfg = Release|x64
		{48467439-9939-47F7-9908-99F6B287AB7C}.Release|x64.Build.0 = Release|x64
		{449848FA-A97C-43A4-99BA-5E5B333FD76B}.Debug|Win32.ActiveCfg = Debug|Win32
		{449848FA-A97C-43A4-99BA-5E5B333FD76B}.Debug|Win32.Build.0 = Debug|Win32
		{449848FA-A97C-43A4-99BA-5E5B333FD76B}.Debug|x64.ActiveCfg = Debug|x64
		{449848FA-A97C-43A4-99BA-5E5B333FD76B}.Debug|x64.Build.0 = Debug|x64
		{449848FA-A97C-43A4-99BA-5E5B333FD76B}.Release|Win32.ActiveCfg = Release|Win32
		{449848FA-A97C-43A4-99BA-5E5B333FD76B}.Release|Win32.Build.0 = Release|Win32
		{449848FA-A97C-43A4-99BA-5E5B333FD76B}.Release|x64.ActiveCfg = Release|x64
		{449848FA-A97C-43A4-99BA-5E5B333FD76B}.Release|x64.Build.0 = Release|x64
		{4B8A4AD9-D7C0-4978-99D7-F4E9DDE756AB}.Debug|Win32.ActiveCfg = Debug|Win32
		{4B8A4AD9-D7C0-4978-99D7-F4E9DDE756AB}.Debug|Win32.Build.0 = Debug|Win32
		{4B8A4AD9-D7C0-4978-99D7-F4E9DDE756AB}.Debug|x64.ActiveCfg = Debug|x64
		{4B8A4AD9-D7C0-4978-99D7-F4E9DDE756AB}.Debug|x64.Build.0 = Debug|x64
		{4B8A4AD9-D7C0-4978-99D7-F4E9DDE756AB}.Release|Win32.ActiveCfg = Release|Win32
		{4B8A4AD9-D7C0-4978-99D7-F4E9DDE756AB}.Release|Win32.Build.0 = Release|Win32
		{4B8A4AD9-D7C0-4978-99D7-F4E9DDE756AB}.Release|x64.ActiveCfg = Release|x64
		{4B8A4AD9-D7C0-4978-99D7-F4E9DDE756AB}.Release|x64.Build.0 = Release|x64
		{139958CC-CFD4-41F0-A663-B130E403D9A6}.Debug|Win32.ActiveCfg = Debug|Win32
		{139958CC-CFD4-41F0-A663-B130E403D9A6}.Debug|Win32.Build.0 = Debug|Win32
		{139958CC-CFD4-41F0-A663-B130E403D9A6}.Debug|x64.ActiveCfg = Debug|x64
		{139958CC-CFD4-41F0-A663-B130E403D9A6}.Debug|x64.Build.0 = Debug|x64
		{139958CC-CFD4-41F0-A663-B130E403D9A6}.Release|Win32.ActiveCfg = Release|Win32
		{139958CC-CFD4-41F0-A663-B130E403D9A6}.Release|Win32.Build.0 = Release|Win32
		{139958CC-CFD4-41F0-A663-B130E403D9A6}.Release|x64.ActiveCfg = Release|x64
		{139958CC-CFD4-41F0-A663-B130E403D9A6}.Release|x64.Build.0 = Release|x64
		{519DCD81-43C0-4769-8805-B51D2D2AAC4F}.Debug|Win32.ActiveCfg = Debug|Win32
		{519DCD81-43C0-4769-8805-B51D2D2AAC4F}.Debug|Win32.Build.0 = Debug|Win32
		{519DCD81-43C0-4769-8805-B51D2D2AAC4F}.Debug|x64.ActiveCfg = Debug|x64
		{519DCD81-43C0-4769-8805-B51D2D2AAC4F}.Debug|x64.Build.0 = Debug|x64
		{519DCD81-43C0-4769-8805-B51D2D2AAC4F}.Release|Win32.ActiveCfg = Release|Win32
		{519DCD81-43C0-4769-8805-B51D2D2AAC4F}.Release|Win32.Build.0 = Release|Win32
		{519DCD81-43C0-4769-8805-B51D2D2AAC4F}.Release|x64.ActiveCfg = Release|x64
		{519DCD81-43C0-4769-8805-B51D2D2AAC4F}.Release|x64.Build.0 = Release|x64
		{4F86D98A-2A3B-48F0-8B69-52AEDCDB9EAF}.Debug|Win32.ActiveCfg = Debug|Win32
		{4F86D98A-2A3B-48F0-8B69-52AEDCDB9EAF}.Debug|Win32.Build.0 = Debug|Win32
		{4F86D98A-2A3B-48F0-8B69-52AEDCDB9EAF}.Debug|x64.ActiveCfg = Debug|x64
		{4F86D98A-2A3B-48F0-8B69-52AEDCDB9EAF}.Debug|x64.Build.0 = Debug|x64
		{4F86D98A-2A3B-48F0-8B69-52AEDCDB9EAF}.Release|Win32.ActiveCfg = Release|Win32
		{4F86D98A-2A3B-48F0-8B69-52AEDCDB9EAF}.Release|Win32.Build.0 = Release|Win32
		{4F86D98A-2A3B-48F0-8B69-52AEDCDB9EAF}.Release|x64.ActiveCfg = Release|x64
		{4F86D98A-2A3B-48F0-8B69-52AEDCDB9EAF}.Release|x64.Build.0 = Release|x64
	EndGlobalSection
	GlobalSection(SolutionProperties) = preSolution
		HideSolutionNode = FALSE
	EndGlobalSection
	GlobalSection(NestedProjects) = preSolution
		{B340CE5B-CFF1-4FD5-A1ED-4F74C628F525} = {E130AA8C-3AFD-43BF-8EDC-195A6C71E165}
		{48467439-9939-47F7-9908-99F6B287AB7C} = {BB779DD1-A6C8-4DAD-82A2-60D719AF3860}
		{449848FA-A97C-43A4-99BA-5E5B333FD76B} = {E130AA8C-3AFD-43BF-8EDC-195A6C71E165}
		{4B8A4AD9-D7C0-4978-99D7-F4E9DDE756AB} = {BB779DD1-A6C8-4DAD-82A2-60D719AF3860}
		{139958CC-CFD4-41F0-A663-B130E403D9A6} = {E130AA8C-3AFD-43BF-8EDC-195A6C71E165}
		{519DCD81-43C0-4769-8805-B51D2D2AAC4F} = {BB779DD1-A6C8-4DAD-82A2-60D719AF3860}
		{4F86D98A-2A3B-48F0-8B69-52AEDCDB9EAF} = {BB779DD1-A6C8-4DAD-82A2-60D719AF3860}
	EndGlobalSection
EndGlobal
