<?xml version="1.0" encoding="utf-8"?>
<Project ToolsVersion="4.0" xmlns="http://schemas.microsoft.com/developer/msbuild/2003">
  <ItemGroup>
    <Filter Include="Source Files">
      <UniqueIdentifier>{40139213-f6a9-4406-b88b-c95af36312d4}</UniqueIdentifier>
    </Filter>
    <Filter Include="Source Files\fcpp">
      <UniqueIdentifier>{c969c206-dfc2-4abf-9bd3-5b8673f9d575}</UniqueIdentifier>
    </Filter>
    <Filter Include="Source Files\glsl-optimizer">
      <UniqueIdentifier>{97108dd1-20c6-4fd3-a3a3-6db66d39da51}</UniqueIdentifier>
    </Filter>
    <Filter Include="Source Files\glsl-optimizer\include">
      <UniqueIdentifier>{b80795c8-a372-48d8-aeb8-1dc4e1069ca5}</UniqueIdentifier>
    </Filter>
    <Filter Include="Source Files\glsl-optimizer\src">
      <UniqueIdentifier>{4445f66d-5c8f-477b-a6ef-d17525600140}</UniqueIdentifier>
    </Filter>
    <Filter Include="Source Files\glsl-optimizer\include\c99">
      <UniqueIdentifier>{857275f9-c69b-465c-93e3-5d0f776abdb2}</UniqueIdentifier>
    </Filter>
    <Filter Include="Source Files\glsl-optimizer\src\glsl">
      <UniqueIdentifier>{052ec596-b4b9-4938-bae4-4678241cb8ec}</UniqueIdentifier>
    </Filter>
    <Filter Include="Source Files\glsl-optimizer\src\mesa">
      <UniqueIdentifier>{18ad7f68-1b8c-41a4-8b17-da42f9600130}</UniqueIdentifier>
    </Filter>
    <Filter Include="Source Files\glsl-optimizer\src\util">
      <UniqueIdentifier>{24461718-b190-4691-8665-b99067ffd2c9}</UniqueIdentifier>
    </Filter>
    <Filter Include="Source Files\glsl-optimizer\src\mesa\main">
      <UniqueIdentifier>{1d0025fe-5cd6-4cab-ac23-306df3368cd7}</UniqueIdentifier>
    </Filter>
    <Filter Include="Source Files\glsl-optimizer\src\mesa\program">
      <UniqueIdentifier>{86187e5b-febb-496b-91d5-eb26cd57417e}</UniqueIdentifier>
    </Filter>
    <Filter Include="Source Files\glsl-optimizer\src\glsl\glcpp">
      <UniqueIdentifier>{7c959f4a-c928-433a-a29f-061d8f3f27cd}</UniqueIdentifier>
    </Filter>
  </ItemGroup>
  <ItemGroup>
    <ClCompile Include="..\..\source\shaderc\shaderc.cpp">
      <Filter>Source Files</Filter>
    </ClCompile>
    <ClCompile Include="..\..\source\shaderc\shaderc_glsl.cpp">
      <Filter>Source Files</Filter>
    </ClCompile>
    <ClCompile Include="..\..\source\shaderc\shaderc_hlsl.cpp">
      <Filter>Source Files</Filter>
    </ClCompile>
    <ClCompile Include="..\..\source\shaderc\shaderc_pssl.cpp">
      <Filter>Source Files</Filter>
    </ClCompile>
    <ClCompile Include="..\..\source\shaderc\shaderc_spirv.cpp">
      <Filter>Source Files</Filter>
    </ClCompile>
    <ClCompile Include="..\..\source\shaderc\fcpp\cpp1.c">
      <Filter>Source Files\fcpp</Filter>
    </ClCompile>
    <ClCompile Include="..\..\source\shaderc\fcpp\cpp2.c">
      <Filter>Source Files\fcpp</Filter>
    </ClCompile>
    <ClCompile Include="..\..\source\shaderc\fcpp\cpp3.c">
      <Filter>Source Files\fcpp</Filter>
    </ClCompile>
    <ClCompile Include="..\..\source\shaderc\fcpp\cpp4.c">
      <Filter>Source Files\fcpp</Filter>
    </ClCompile>
    <ClCompile Include="..\..\source\shaderc\fcpp\cpp5.c">
      <Filter>Source Files\fcpp</Filter>
    </ClCompile>
    <ClCompile Include="..\..\source\shaderc\fcpp\cpp6.c">
      <Filter>Source Files\fcpp</Filter>
    </ClCompile>
    <ClCompile Include="..\..\source\shaderc\glsl-optimizer\src\util\hash_table.c">
      <Filter>Source Files\glsl-optimizer\src\util</Filter>
    </ClCompile>
    <ClCompile Include="..\..\source\shaderc\glsl-optimizer\src\util\ralloc.c">
      <Filter>Source Files\glsl-optimizer\src\util</Filter>
    </ClCompile>
    <ClCompile Include="..\..\source\shaderc\glsl-optimizer\src\mesa\main\imports.c">
      <Filter>Source Files\glsl-optimizer\src\mesa\main</Filter>
    </ClCompile>
    <ClCompile Include="..\..\source\shaderc\glsl-optimizer\src\mesa\program\prog_hash_table.c">
      <Filter>Source Files\glsl-optimizer\src\mesa\program</Filter>
    </ClCompile>
    <ClCompile Include="..\..\source\shaderc\glsl-optimizer\src\mesa\program\symbol_table.c">
      <Filter>Source Files\glsl-optimizer\src\mesa\program</Filter>
    </ClCompile>
    <ClCompile Include="..\..\source\shaderc\glsl-optimizer\src\glsl\glcpp\glcpp-lex.c">
      <Filter>Source Files\glsl-optimizer\src\glsl\glcpp</Filter>
    </ClCompile>
    <ClCompile Include="..\..\source\shaderc\glsl-optimizer\src\glsl\glcpp\glcpp-parse.c">
      <Filter>Source Files\glsl-optimizer\src\glsl\glcpp</Filter>
    </ClCompile>
    <ClCompile Include="..\..\source\shaderc\glsl-optimizer\src\glsl\glcpp\pp.c">
      <Filter>Source Files\glsl-optimizer\src\glsl\glcpp</Filter>
    </ClCompile>
    <ClCompile Include="..\..\source\shaderc\glsl-optimizer\src\glsl\builtin_types.cpp">
      <Filter>Source Files\glsl-optimizer\src\glsl</Filter>
    </ClCompile>
    <ClCompile Include="..\..\source\shaderc\glsl-optimizer\src\glsl\builtin_variables.cpp">
      <Filter>Source Files\glsl-optimizer\src\glsl</Filter>
    </ClCompile>
    <ClCompile Include="..\..\source\shaderc\glsl-optimizer\src\glsl\glsl_lexer.cpp">
      <Filter>Source Files\glsl-optimizer\src\glsl</Filter>
    </ClCompile>
    <ClCompile Include="..\..\source\shaderc\glsl-optimizer\src\glsl\glsl_optimizer.cpp">
      <Filter>Source Files\glsl-optimizer\src\glsl</Filter>
    </ClCompile>
    <ClCompile Include="..\..\source\shaderc\glsl-optimizer\src\glsl\glsl_parser.cpp">
      <Filter>Source Files\glsl-optimizer\src\glsl</Filter>
    </ClCompile>
    <ClCompile Include="..\..\source\shaderc\glsl-optimizer\src\glsl\glsl_parser_extras.cpp">
      <Filter>Source Files\glsl-optimizer\src\glsl</Filter>
    </ClCompile>
    <ClCompile Include="..\..\source\shaderc\glsl-optimizer\src\glsl\glsl_symbol_table.cpp">
      <Filter>Source Files\glsl-optimizer\src\glsl</Filter>
    </ClCompile>
    <ClCompile Include="..\..\source\shaderc\glsl-optimizer\src\glsl\glsl_types.cpp">
      <Filter>Source Files\glsl-optimizer\src\glsl</Filter>
    </ClCompile>
    <ClCompile Include="..\..\source\shaderc\glsl-optimizer\src\glsl\hir_field_selection.cpp">
      <Filter>Source Files\glsl-optimizer\src\glsl</Filter>
    </ClCompile>
    <ClCompile Include="..\..\source\shaderc\glsl-optimizer\src\glsl\ir.cpp">
      <Filter>Source Files\glsl-optimizer\src\glsl</Filter>
    </ClCompile>
    <ClCompile Include="..\..\source\shaderc\glsl-optimizer\src\glsl\ir_basic_block.cpp">
      <Filter>Source Files\glsl-optimizer\src\glsl</Filter>
    </ClCompile>
    <ClCompile Include="..\..\source\shaderc\glsl-optimizer\src\glsl\ir_builder.cpp">
      <Filter>Source Files\glsl-optimizer\src\glsl</Filter>
    </ClCompile>
    <ClCompile Include="..\..\source\shaderc\glsl-optimizer\src\glsl\ir_clone.cpp">
      <Filter>Source Files\glsl-optimizer\src\glsl</Filter>
    </ClCompile>
    <ClCompile Include="..\..\source\shaderc\glsl-optimizer\src\glsl\ir_constant_expression.cpp">
      <Filter>Source Files\glsl-optimizer\src\glsl</Filter>
    </ClCompile>
    <ClCompile Include="..\..\source\shaderc\glsl-optimizer\src\glsl\ir_equals.cpp">
      <Filter>Source Files\glsl-optimizer\src\glsl</Filter>
    </ClCompile>
    <ClCompile Include="..\..\source\shaderc\glsl-optimizer\src\glsl\ir_expression_flattening.cpp">
      <Filter>Source Files\glsl-optimizer\src\glsl</Filter>
    </ClCompile>
    <ClCompile Include="..\..\source\shaderc\glsl-optimizer\src\glsl\ir_function.cpp">
      <Filter>Source Files\glsl-optimizer\src\glsl</Filter>
    </ClCompile>
    <ClCompile Include="..\..\source\shaderc\glsl-optimizer\src\glsl\ir_function_can_inline.cpp">
      <Filter>Source Files\glsl-optimizer\src\glsl</Filter>
    </ClCompile>
    <ClCompile Include="..\..\source\shaderc\glsl-optimizer\src\glsl\ir_function_detect_recursion.cpp">
      <Filter>Source Files\glsl-optimizer\src\glsl</Filter>
    </ClCompile>
    <ClCompile Include="..\..\source\shaderc\glsl-optimizer\src\glsl\ir_hierarchical_visitor.cpp">
      <Filter>Source Files\glsl-optimizer\src\glsl</Filter>
    </ClCompile>
    <ClCompile Include="..\..\source\shaderc\glsl-optimizer\src\glsl\ir_hv_accept.cpp">
      <Filter>Source Files\glsl-optimizer\src\glsl</Filter>
    </ClCompile>
    <ClCompile Include="..\..\source\shaderc\glsl-optimizer\src\glsl\ir_import_prototypes.cpp">
      <Filter>Source Files\glsl-optimizer\src\glsl</Filter>
    </ClCompile>
    <ClCompile Include="..\..\source\shaderc\glsl-optimizer\src\glsl\ir_print_glsl_visitor.cpp">
      <Filter>Source Files\glsl-optimizer\src\glsl</Filter>
    </ClCompile>
    <ClCompile Include="..\..\source\shaderc\glsl-optimizer\src\glsl\ir_print_metal_visitor.cpp">
      <Filter>Source Files\glsl-optimizer\src\glsl</Filter>
    </ClCompile>
    <ClCompile Include="..\..\source\shaderc\glsl-optimizer\src\glsl\ir_print_visitor.cpp">
      <Filter>Source Files\glsl-optimizer\src\glsl</Filter>
    </ClCompile>
    <ClCompile Include="..\..\source\shaderc\glsl-optimizer\src\glsl\ir_rvalue_visitor.cpp">
      <Filter>Source Files\glsl-optimizer\src\glsl</Filter>
    </ClCompile>
    <ClCompile Include="..\..\source\shaderc\glsl-optimizer\src\glsl\ir_stats.cpp">
      <Filter>Source Files\glsl-optimizer\src\glsl</Filter>
    </ClCompile>
    <ClCompile Include="..\..\source\shaderc\glsl-optimizer\src\glsl\ir_unused_structs.cpp">
      <Filter>Source Files\glsl-optimizer\src\glsl</Filter>
    </ClCompile>
    <ClCompile Include="..\..\source\shaderc\glsl-optimizer\src\glsl\ir_validate.cpp">
      <Filter>Source Files\glsl-optimizer\src\glsl</Filter>
    </ClCompile>
    <ClCompile Include="..\..\source\shaderc\glsl-optimizer\src\glsl\ir_variable_refcount.cpp">
      <Filter>Source Files\glsl-optimizer\src\glsl</Filter>
    </ClCompile>
    <ClCompile Include="..\..\source\shaderc\glsl-optimizer\src\glsl\link_atomics.cpp">
      <Filter>Source Files\glsl-optimizer\src\glsl</Filter>
    </ClCompile>
    <ClCompile Include="..\..\source\shaderc\glsl-optimizer\src\glsl\link_functions.cpp">
      <Filter>Source Files\glsl-optimizer\src\glsl</Filter>
    </ClCompile>
    <ClCompile Include="..\..\source\shaderc\glsl-optimizer\src\glsl\link_interface_blocks.cpp">
      <Filter>Source Files\glsl-optimizer\src\glsl</Filter>
    </ClCompile>
    <ClCompile Include="..\..\source\shaderc\glsl-optimizer\src\glsl\link_uniform_block_active_visitor.cpp">
      <Filter>Source Files\glsl-optimizer\src\glsl</Filter>
    </ClCompile>
    <ClCompile Include="..\..\source\shaderc\glsl-optimizer\src\glsl\link_uniform_blocks.cpp">
      <Filter>Source Files\glsl-optimizer\src\glsl</Filter>
    </ClCompile>
    <ClCompile Include="..\..\source\shaderc\glsl-optimizer\src\glsl\link_uniform_initializers.cpp">
      <Filter>Source Files\glsl-optimizer\src\glsl</Filter>
    </ClCompile>
    <ClCompile Include="..\..\source\shaderc\glsl-optimizer\src\glsl\link_uniforms.cpp">
      <Filter>Source Files\glsl-optimizer\src\glsl</Filter>
    </ClCompile>
    <ClCompile Include="..\..\source\shaderc\glsl-optimizer\src\glsl\link_varyings.cpp">
      <Filter>Source Files\glsl-optimizer\src\glsl</Filter>
    </ClCompile>
    <ClCompile Include="..\..\source\shaderc\glsl-optimizer\src\glsl\linker.cpp">
      <Filter>Source Files\glsl-optimizer\src\glsl</Filter>
    </ClCompile>
    <ClCompile Include="..\..\source\shaderc\glsl-optimizer\src\glsl\loop_analysis.cpp">
      <Filter>Source Files\glsl-optimizer\src\glsl</Filter>
    </ClCompile>
    <ClCompile Include="..\..\source\shaderc\glsl-optimizer\src\glsl\loop_controls.cpp">
      <Filter>Source Files\glsl-optimizer\src\glsl</Filter>
    </ClCompile>
    <ClCompile Include="..\..\source\shaderc\glsl-optimizer\src\glsl\loop_unroll.cpp">
      <Filter>Source Files\glsl-optimizer\src\glsl</Filter>
    </ClCompile>
    <ClCompile Include="..\..\source\shaderc\glsl-optimizer\src\glsl\lower_clip_distance.cpp">
      <Filter>Source Files\glsl-optimizer\src\glsl</Filter>
    </ClCompile>
    <ClCompile Include="..\..\source\shaderc\glsl-optimizer\src\glsl\lower_discard.cpp">
      <Filter>Source Files\glsl-optimizer\src\glsl</Filter>
    </ClCompile>
    <ClCompile Include="..\..\source\shaderc\glsl-optimizer\src\glsl\lower_discard_flow.cpp">
      <Filter>Source Files\glsl-optimizer\src\glsl</Filter>
    </ClCompile>
    <ClCompile Include="..\..\source\shaderc\glsl-optimizer\src\glsl\lower_if_to_cond_assign.cpp">
      <Filter>Source Files\glsl-optimizer\src\glsl</Filter>
    </ClCompile>
    <ClCompile Include="..\..\source\shaderc\glsl-optimizer\src\glsl\lower_instructions.cpp">
      <Filter>Source Files\glsl-optimizer\src\glsl</Filter>
    </ClCompile>
    <ClCompile Include="..\..\source\shaderc\glsl-optimizer\src\glsl\lower_jumps.cpp">
      <Filter>Source Files\glsl-optimizer\src\glsl</Filter>
    </ClCompile>
    <ClCompile Include="..\..\source\shaderc\glsl-optimizer\src\glsl\lower_mat_op_to_vec.cpp">
      <Filter>Source Files\glsl-optimizer\src\glsl</Filter>
    </ClCompile>
    <ClCompile Include="..\..\source\shaderc\glsl-optimizer\src\glsl\lower_named_interface_blocks.cpp">
      <Filter>Source Files\glsl-optimizer\src\glsl</Filter>
    </ClCompile>
    <ClCompile Include="..\..\source\shaderc\glsl-optimizer\src\glsl\lower_noise.cpp">
      <Filter>Source Files\glsl-optimizer\src\glsl</Filter>
    </ClCompile>
    <ClCompile Include="..\..\source\shaderc\glsl-optimizer\src\glsl\lower_offset_array.cpp">
      <Filter>Source Files\glsl-optimizer\src\glsl</Filter>
    </ClCompile>
    <ClCompile Include="..\..\source\shaderc\glsl-optimizer\src\glsl\lower_output_reads.cpp">
      <Filter>Source Files\glsl-optimizer\src\glsl</Filter>
    </ClCompile>
    <ClCompile Include="..\..\source\shaderc\glsl-optimizer\src\glsl\lower_packed_varyings.cpp">
      <Filter>Source Files\glsl-optimizer\src\glsl</Filter>
    </ClCompile>
    <ClCompile Include="..\..\source\shaderc\glsl-optimizer\src\glsl\lower_packing_builtins.cpp">
      <Filter>Source Files\glsl-optimizer\src\glsl</Filter>
    </ClCompile>
    <ClCompile Include="..\..\source\shaderc\glsl-optimizer\src\glsl\lower_ubo_reference.cpp">
      <Filter>Source Files\glsl-optimizer\src\glsl</Filter>
    </ClCompile>
    <ClCompile Include="..\..\source\shaderc\glsl-optimizer\src\glsl\lower_variable_index_to_cond_assign.cpp">
      <Filter>Source Files\glsl-optimizer\src\glsl</Filter>
    </ClCompile>
    <ClCompile Include="..\..\source\shaderc\glsl-optimizer\src\glsl\lower_vec_index_to_cond_assign.cpp">
      <Filter>Source Files\glsl-optimizer\src\glsl</Filter>
    </ClCompile>
    <ClCompile Include="..\..\source\shaderc\glsl-optimizer\src\glsl\lower_vec_index_to_swizzle.cpp">
      <Filter>Source Files\glsl-optimizer\src\glsl</Filter>
    </ClCompile>
    <ClCompile Include="..\..\source\shaderc\glsl-optimizer\src\glsl\lower_vector.cpp">
      <Filter>Source Files\glsl-optimizer\src\glsl</Filter>
    </ClCompile>
    <ClCompile Include="..\..\source\shaderc\glsl-optimizer\src\glsl\lower_vector_insert.cpp">
      <Filter>Source Files\glsl-optimizer\src\glsl</Filter>
    </ClCompile>
    <ClCompile Include="..\..\source\shaderc\glsl-optimizer\src\glsl\lower_vertex_id.cpp">
      <Filter>Source Files\glsl-optimizer\src\glsl</Filter>
    </ClCompile>
    <ClCompile Include="..\..\source\shaderc\glsl-optimizer\src\glsl\opt_algebraic.cpp">
      <Filter>Source Files\glsl-optimizer\src\glsl</Filter>
    </ClCompile>
    <ClCompile Include="..\..\source\shaderc\glsl-optimizer\src\glsl\opt_array_splitting.cpp">
      <Filter>Source Files\glsl-optimizer\src\glsl</Filter>
    </ClCompile>
    <ClCompile Include="..\..\source\shaderc\glsl-optimizer\src\glsl\opt_constant_folding.cpp">
      <Filter>Source Files\glsl-optimizer\src\glsl</Filter>
    </ClCompile>
    <ClCompile Include="..\..\source\shaderc\glsl-optimizer\src\glsl\opt_constant_propagation.cpp">
      <Filter>Source Files\glsl-optimizer\src\glsl</Filter>
    </ClCompile>
    <ClCompile Include="..\..\source\shaderc\glsl-optimizer\src\glsl\opt_constant_variable.cpp">
      <Filter>Source Files\glsl-optimizer\src\glsl</Filter>
    </ClCompile>
    <ClCompile Include="..\..\source\shaderc\glsl-optimizer\src\glsl\opt_copy_propagation.cpp">
      <Filter>Source Files\glsl-optimizer\src\glsl</Filter>
    </ClCompile>
    <ClCompile Include="..\..\source\shaderc\glsl-optimizer\src\glsl\opt_copy_propagation_elements.cpp">
      <Filter>Source Files\glsl-optimizer\src\glsl</Filter>
    </ClCompile>
    <ClCompile Include="..\..\source\shaderc\glsl-optimizer\src\glsl\opt_cse.cpp">
      <Filter>Source Files\glsl-optimizer\src\glsl</Filter>
    </ClCompile>
    <ClCompile Include="..\..\source\shaderc\glsl-optimizer\src\glsl\opt_dead_builtin_variables.cpp">
      <Filter>Source Files\glsl-optimizer\src\glsl</Filter>
    </ClCompile>
    <ClCompile Include="..\..\source\shaderc\glsl-optimizer\src\glsl\opt_dead_builtin_varyings.cpp">
      <Filter>Source Files\glsl-optimizer\src\glsl</Filter>
    </ClCompile>
    <ClCompile Include="..\..\source\shaderc\glsl-optimizer\src\glsl\opt_dead_code.cpp">
      <Filter>Source Files\glsl-optimizer\src\glsl</Filter>
    </ClCompile>
    <ClCompile Include="..\..\source\shaderc\glsl-optimizer\src\glsl\opt_dead_code_local.cpp">
      <Filter>Source Files\glsl-optimizer\src\glsl</Filter>
    </ClCompile>
    <ClCompile Include="..\..\source\shaderc\glsl-optimizer\src\glsl\opt_dead_functions.cpp">
      <Filter>Source Files\glsl-optimizer\src\glsl</Filter>
    </ClCompile>
    <ClCompile Include="..\..\source\shaderc\glsl-optimizer\src\glsl\opt_flatten_nested_if_blocks.cpp">
      <Filter>Source Files\glsl-optimizer\src\glsl</Filter>
    </ClCompile>
    <ClCompile Include="..\..\source\shaderc\glsl-optimizer\src\glsl\opt_flip_matrices.cpp">
      <Filter>Source Files\glsl-optimizer\src\glsl</Filter>
    </ClCompile>
    <ClCompile Include="..\..\source\shaderc\glsl-optimizer\src\glsl\opt_function_inlining.cpp">
      <Filter>Source Files\glsl-optimizer\src\glsl</Filter>
    </ClCompile>
    <ClCompile Include="..\..\source\shaderc\glsl-optimizer\src\glsl\opt_if_simplification.cpp">
      <Filter>Source Files\glsl-optimizer\src\glsl</Filter>
    </ClCompile>
    <ClCompile Include="..\..\source\shaderc\glsl-optimizer\src\glsl\opt_minmax.cpp">
      <Filter>Source Files\glsl-optimizer\src\glsl</Filter>
    </ClCompile>
    <ClCompile Include="..\..\source\shaderc\glsl-optimizer\src\glsl\opt_noop_swizzle.cpp">
      <Filter>Source Files\glsl-optimizer\src\glsl</Filter>
    </ClCompile>
    <ClCompile Include="..\..\source\shaderc\glsl-optimizer\src\glsl\opt_rebalance_tree.cpp">
      <Filter>Source Files\glsl-optimizer\src\glsl</Filter>
    </ClCompile>
    <ClCompile Include="..\..\source\shaderc\glsl-optimizer\src\glsl\opt_redundant_jumps.cpp">
      <Filter>Source Files\glsl-optimizer\src\glsl</Filter>
    </ClCompile>
    <ClCompile Include="..\..\source\shaderc\glsl-optimizer\src\glsl\opt_structure_splitting.cpp">
      <Filter>Source Files\glsl-optimizer\src\glsl</Filter>
    </ClCompile>
    <ClCompile Include="..\..\source\shaderc\glsl-optimizer\src\glsl\opt_swizzle_swizzle.cpp">
      <Filter>Source Files\glsl-optimizer\src\glsl</Filter>
    </ClCompile>
    <ClCompile Include="..\..\source\shaderc\glsl-optimizer\src\glsl\opt_tree_grafting.cpp">
      <Filter>Source Files\glsl-optimizer\src\glsl</Filter>
    </ClCompile>
    <ClCompile Include="..\..\source\shaderc\glsl-optimizer\src\glsl\opt_vectorize.cpp">
      <Filter>Source Files\glsl-optimizer\src\glsl</Filter>
    </ClCompile>
    <ClCompile Include="..\..\source\shaderc\glsl-optimizer\src\glsl\s_expression.cpp">
      <Filter>Source Files\glsl-optimizer\src\glsl</Filter>
    </ClCompile>
    <ClCompile Include="..\..\source\shaderc\glsl-optimizer\src\glsl\standalone_scaffolding.cpp">
      <Filter>Source Files\glsl-optimizer\src\glsl</Filter>
    </ClCompile>
    <ClCompile Include="..\..\source\shaderc\glsl-optimizer\src\glsl\strtod.c">
      <Filter>Source Files\glsl-optimizer\src\glsl</Filter>
    </ClCompile>
    <ClCompile Include="..\..\source\shaderc\glsl-optimizer\src\glsl\ast_array_index.cpp">
      <Filter>Source Files\glsl-optimizer\src\glsl</Filter>
    </ClCompile>
    <ClCompile Include="..\..\source\shaderc\glsl-optimizer\src\glsl\ast_expr.cpp">
      <Filter>Source Files\glsl-optimizer\src\glsl</Filter>
    </ClCompile>
    <ClCompile Include="..\..\source\shaderc\glsl-optimizer\src\glsl\ast_function.cpp">
      <Filter>Source Files\glsl-optimizer\src\glsl</Filter>
    </ClCompile>
    <ClCompile Include="..\..\source\shaderc\glsl-optimizer\src\glsl\ast_to_hir.cpp">
      <Filter>Source Files\glsl-optimizer\src\glsl</Filter>
    </ClCompile>
    <ClCompile Include="..\..\source\shaderc\glsl-optimizer\src\glsl\ast_type.cpp">
      <Filter>Source Files\glsl-optimizer\src\glsl</Filter>
    </ClCompile>
    <ClCompile Include="..\..\source\shaderc\glsl-optimizer\src\glsl\builtin_functions.cpp">
      <Filter>Source Files\glsl-optimizer\src\glsl</Filter>
    </ClCompile>
  </ItemGroup>
  <ItemGroup>
    <ClInclude Include="..\..\source\shaderc\shaderc.h">
      <Filter>Source Files</Filter>
    </ClInclude>
    <ClInclude Include="..\..\source\shaderc\fcpp\cpp.h">
      <Filter>Source Files\fcpp</Filter>
    </ClInclude>
    <ClInclude Include="..\..\source\shaderc\fcpp\cppadd.h">
      <Filter>Source Files\fcpp</Filter>
    </ClInclude>
    <ClInclude Include="..\..\source\shaderc\fcpp\cppdef.h">
      <Filter>Source Files\fcpp</Filter>
    </ClInclude>
    <ClInclude Include="..\..\source\shaderc\fcpp\fpp.h">
      <Filter>Source Files\fcpp</Filter>
    </ClInclude>
    <ClInclude Include="..\..\source\shaderc\fcpp\FPPBase.h">
      <Filter>Source Files\fcpp</Filter>
    </ClInclude>
    <ClInclude Include="..\..\source\shaderc\fcpp\fpp_pragmas.h">
      <Filter>Source Files\fcpp</Filter>
    </ClInclude>
    <ClInclude Include="..\..\source\shaderc\fcpp\FPP_protos.h">
      <Filter>Source Files\fcpp</Filter>
    </ClInclude>
    <ClInclude Include="..\..\source\shaderc\glsl-optimizer\include\c99_compat.h">
      <Filter>Source Files\glsl-optimizer\include</Filter>
    </ClInclude>
    <ClInclude Include="..\..\source\shaderc\glsl-optimizer\include\c99\inttypes.h">
      <Filter>Source Files\glsl-optimizer\include\c99</Filter>
    </ClInclude>
    <ClInclude Include="..\..\source\shaderc\glsl-optimizer\include\c99\stdbool.h">
      <Filter>Source Files\glsl-optimizer\include\c99</Filter>
    </ClInclude>
    <ClInclude Include="..\..\source\shaderc\glsl-optimizer\include\c99\stdint.h">
      <Filter>Source Files\glsl-optimizer\include\c99</Filter>
    </ClInclude>
    <ClInclude Include="..\..\source\shaderc\glsl-optimizer\src\util\hash_table.h">
      <Filter>Source Files\glsl-optimizer\src\util</Filter>
    </ClInclude>
    <ClInclude Include="..\..\source\shaderc\glsl-optimizer\src\util\macros.h">
      <Filter>Source Files\glsl-optimizer\src\util</Filter>
    </ClInclude>
    <ClInclude Include="..\..\source\shaderc\glsl-optimizer\src\util\ralloc.h">
      <Filter>Source Files\glsl-optimizer\src\util</Filter>
    </ClInclude>
    <ClInclude Include="..\..\source\shaderc\glsl-optimizer\src\mesa\main\compiler.h">
      <Filter>Source Files\glsl-optimizer\src\mesa\main</Filter>
    </ClInclude>
    <ClInclude Include="..\..\source\shaderc\glsl-optimizer\src\mesa\main\config.h">
      <Filter>Source Files\glsl-optimizer\src\mesa\main</Filter>
    </ClInclude>
    <ClInclude Include="..\..\source\shaderc\glsl-optimizer\src\mesa\main\context.h">
      <Filter>Source Files\glsl-optimizer\src\mesa\main</Filter>
    </ClInclude>
    <ClInclude Include="..\..\source\shaderc\glsl-optimizer\src\mesa\main\core.h">
      <Filter>Source Files\glsl-optimizer\src\mesa\main</Filter>
    </ClInclude>
    <ClInclude Include="..\..\source\shaderc\glsl-optimizer\src\mesa\main\dd.h">
      <Filter>Source Files\glsl-optimizer\src\mesa\main</Filter>
    </ClInclude>
    <ClInclude Include="..\..\source\shaderc\glsl-optimizer\src\mesa\main\errors.h">
      <Filter>Source Files\glsl-optimizer\src\mesa\main</Filter>
    </ClInclude>
    <ClInclude Include="..\..\source\shaderc\glsl-optimizer\src\mesa\main\glheader.h">
      <Filter>Source Files\glsl-optimizer\src\mesa\main</Filter>
    </ClInclude>
    <ClInclude Include="..\..\source\shaderc\glsl-optimizer\src\mesa\main\glminimal.h">
      <Filter>Source Files\glsl-optimizer\src\mesa\main</Filter>
    </ClInclude>
    <ClInclude Include="..\..\source\shaderc\glsl-optimizer\src\mesa\main\imports.h">
      <Filter>Source Files\glsl-optimizer\src\mesa\main</Filter>
    </ClInclude>
    <ClInclude Include="..\..\source\shaderc\glsl-optimizer\src\mesa\main\macros.h">
      <Filter>Source Files\glsl-optimizer\src\mesa\main</Filter>
    </ClInclude>
    <ClInclude Include="..\..\source\shaderc\glsl-optimizer\src\mesa\main\mtypes.h">
      <Filter>Source Files\glsl-optimizer\src\mesa\main</Filter>
    </ClInclude>
    <ClInclude Include="..\..\source\shaderc\glsl-optimizer\src\mesa\main\simple_list.h">
      <Filter>Source Files\glsl-optimizer\src\mesa\main</Filter>
    </ClInclude>
    <ClInclude Include="..\..\source\shaderc\glsl-optimizer\src\mesa\program\hash_table.h">
      <Filter>Source Files\glsl-optimizer\src\mesa\program</Filter>
    </ClInclude>
    <ClInclude Include="..\..\source\shaderc\glsl-optimizer\src\mesa\program\prog_instruction.h">
      <Filter>Source Files\glsl-optimizer\src\mesa\program</Filter>
    </ClInclude>
    <ClInclude Include="..\..\source\shaderc\glsl-optimizer\src\mesa\program\prog_parameter.h">
      <Filter>Source Files\glsl-optimizer\src\mesa\program</Filter>
    </ClInclude>
    <ClInclude Include="..\..\source\shaderc\glsl-optimizer\src\mesa\program\prog_statevars.h">
      <Filter>Source Files\glsl-optimizer\src\mesa\program</Filter>
    </ClInclude>
    <ClInclude Include="..\..\source\shaderc\glsl-optimizer\src\mesa\program\symbol_table.h">
      <Filter>Source Files\glsl-optimizer\src\mesa\program</Filter>
    </ClInclude>
    <ClInclude Include="..\..\source\shaderc\glsl-optimizer\src\glsl\glcpp\glcpp-parse.h">
      <Filter>Source Files\glsl-optimizer\src\glsl\glcpp</Filter>
    </ClInclude>
    <ClInclude Include="..\..\source\shaderc\glsl-optimizer\src\glsl\glcpp\glcpp.h">
      <Filter>Source Files\glsl-optimizer\src\glsl\glcpp</Filter>
    </ClInclude>
    <ClInclude Include="..\..\source\shaderc\glsl-optimizer\src\glsl\builtin_type_macros.h">
      <Filter>Source Files\glsl-optimizer\src\glsl</Filter>
    </ClInclude>
    <ClInclude Include="..\..\source\shaderc\glsl-optimizer\src\glsl\glsl_optimizer.h">
      <Filter>Source Files\glsl-optimizer\src\glsl</Filter>
    </ClInclude>
    <ClInclude Include="..\..\source\shaderc\glsl-optimizer\src\glsl\glsl_parser.h">
      <Filter>Source Files\glsl-optimizer\src\glsl</Filter>
    </ClInclude>
    <ClInclude Include="..\..\source\shaderc\glsl-optimizer\src\glsl\glsl_parser_extras.h">
      <Filter>Source Files\glsl-optimizer\src\glsl</Filter>
    </ClInclude>
    <ClInclude Include="..\..\source\shaderc\glsl-optimizer\src\glsl\glsl_symbol_table.h">
      <Filter>Source Files\glsl-optimizer\src\glsl</Filter>
    </ClInclude>
    <ClInclude Include="..\..\source\shaderc\glsl-optimizer\src\glsl\glsl_types.h">
      <Filter>Source Files\glsl-optimizer\src\glsl</Filter>
    </ClInclude>
    <ClInclude Include="..\..\source\shaderc\glsl-optimizer\src\glsl\ir.h">
      <Filter>Source Files\glsl-optimizer\src\glsl</Filter>
    </ClInclude>
    <ClInclude Include="..\..\source\shaderc\glsl-optimizer\src\glsl\ir_basic_block.h">
      <Filter>Source Files\glsl-optimizer\src\glsl</Filter>
    </ClInclude>
    <ClInclude Include="..\..\source\shaderc\glsl-optimizer\src\glsl\ir_builder.h">
      <Filter>Source Files\glsl-optimizer\src\glsl</Filter>
    </ClInclude>
    <ClInclude Include="..\..\source\shaderc\glsl-optimizer\src\glsl\ir_expression_flattening.h">
      <Filter>Source Files\glsl-optimizer\src\glsl</Filter>
    </ClInclude>
    <ClInclude Include="..\..\source\shaderc\glsl-optimizer\src\glsl\ir_function_inlining.h">
      <Filter>Source Files\glsl-optimizer\src\glsl</Filter>
    </ClInclude>
    <ClInclude Include="..\..\source\shaderc\glsl-optimizer\src\glsl\ir_hierarchical_visitor.h">
      <Filter>Source Files\glsl-optimizer\src\glsl</Filter>
    </ClInclude>
    <ClInclude Include="..\..\source\shaderc\glsl-optimizer\src\glsl\ir_optimization.h">
      <Filter>Source Files\glsl-optimizer\src\glsl</Filter>
    </ClInclude>
    <ClInclude Include="..\..\source\shaderc\glsl-optimizer\src\glsl\ir_print_glsl_visitor.h">
      <Filter>Source Files\glsl-optimizer\src\glsl</Filter>
    </ClInclude>
    <ClInclude Include="..\..\source\shaderc\glsl-optimizer\src\glsl\ir_print_metal_visitor.h">
      <Filter>Source Files\glsl-optimizer\src\glsl</Filter>
    </ClInclude>
    <ClInclude Include="..\..\source\shaderc\glsl-optimizer\src\glsl\ir_print_visitor.h">
      <Filter>Source Files\glsl-optimizer\src\glsl</Filter>
    </ClInclude>
    <ClInclude Include="..\..\source\shaderc\glsl-optimizer\src\glsl\ir_rvalue_visitor.h">
      <Filter>Source Files\glsl-optimizer\src\glsl</Filter>
    </ClInclude>
    <ClInclude Include="..\..\source\shaderc\glsl-optimizer\src\glsl\ir_stats.h">
      <Filter>Source Files\glsl-optimizer\src\glsl</Filter>
    </ClInclude>
    <ClInclude Include="..\..\source\shaderc\glsl-optimizer\src\glsl\ir_uniform.h">
      <Filter>Source Files\glsl-optimizer\src\glsl</Filter>
    </ClInclude>
    <ClInclude Include="..\..\source\shaderc\glsl-optimizer\src\glsl\ir_unused_structs.h">
      <Filter>Source Files\glsl-optimizer\src\glsl</Filter>
    </ClInclude>
    <ClInclude Include="..\..\source\shaderc\glsl-optimizer\src\glsl\ir_variable_refcount.h">
      <Filter>Source Files\glsl-optimizer\src\glsl</Filter>
    </ClInclude>
    <ClInclude Include="..\..\source\shaderc\glsl-optimizer\src\glsl\ir_visitor.h">
      <Filter>Source Files\glsl-optimizer\src\glsl</Filter>
    </ClInclude>
    <ClInclude Include="..\..\source\shaderc\glsl-optimizer\src\glsl\link_uniform_block_active_visitor.h">
      <Filter>Source Files\glsl-optimizer\src\glsl</Filter>
    </ClInclude>
    <ClInclude Include="..\..\source\shaderc\glsl-optimizer\src\glsl\link_varyings.h">
      <Filter>Source Files\glsl-optimizer\src\glsl</Filter>
    </ClInclude>
    <ClInclude Include="..\..\source\shaderc\glsl-optimizer\src\glsl\linker.h">
      <Filter>Source Files\glsl-optimizer\src\glsl</Filter>
    </ClInclude>
    <ClInclude Include="..\..\source\shaderc\glsl-optimizer\src\glsl\list.h">
      <Filter>Source Files\glsl-optimizer\src\glsl</Filter>
    </ClInclude>
    <ClInclude Include="..\..\source\shaderc\glsl-optimizer\src\glsl\loop_analysis.h">
      <Filter>Source Files\glsl-optimizer\src\glsl</Filter>
    </ClInclude>
    <ClInclude Include="..\..\source\shaderc\glsl-optimizer\src\glsl\program.h">
      <Filter>Source Files\glsl-optimizer\src\glsl</Filter>
    </ClInclude>
    <ClInclude Include="..\..\source\shaderc\glsl-optimizer\src\glsl\s_expression.h">
      <Filter>Source Files\glsl-optimizer\src\glsl</Filter>
    </ClInclude>
    <ClInclude Include="..\..\source\shaderc\glsl-optimizer\src\glsl\standalone_scaffolding.h">
      <Filter>Source Files\glsl-optimizer\src\glsl</Filter>
    </ClInclude>
    <ClInclude Include="..\..\source\shaderc\glsl-optimizer\src\glsl\strtod.h">
      <Filter>Source Files\glsl-optimizer\src\glsl</Filter>
    </ClInclude>
    <ClInclude Include="..\..\source\shaderc\glsl-optimizer\src\glsl\ast.h">
      <Filter>Source Files\glsl-optimizer\src\glsl</Filter>
    </ClInclude>
  </ItemGroup>
</Project>