<?xml version="1.0" encoding="utf-8"?>
<Project ToolsVersion="4.0" xmlns="http://schemas.microsoft.com/developer/msbuild/2003">
  <ItemGroup>
    <Filter Include="Source Files">
      <UniqueIdentifier>{62d6ad95-ac49-4857-8951-77b33c294875}</UniqueIdentifier>
    </Filter>
    <Filter Include="Source Files\glslang">
      <UniqueIdentifier>{21a48aae-f554-48be-b02e-80aaed6d0e99}</UniqueIdentifier>
    </Filter>
    <Filter Include="Source Files\glslang\glslang">
      <UniqueIdentifier>{b2cd507f-b041-4a7a-a68b-85aa5f2e0e93}</UniqueIdentifier>
    </Filter>
    <Filter Include="Source Files\glslang\hlsl">
      <UniqueIdentifier>{8c691629-5ebe-4e68-87de-817689838922}</UniqueIdentifier>
    </Filter>
    <Filter Include="Source Files\glslang\OGLCompilersDLL">
      <UniqueIdentifier>{d4eec8e8-5b85-49f6-9de9-ad9212b16cbd}</UniqueIdentifier>
    </Filter>
    <Filter Include="Source Files\glslang\SPIRV">
      <UniqueIdentifier>{a7f2f552-291e-4153-895b-f5b5e3cf035f}</UniqueIdentifier>
    </Filter>
    <Filter Include="Source Files\glslang\glslang\GenericCodeGen">
      <UniqueIdentifier>{ff13c4cd-0802-45fc-9b41-d25764bbe29e}</UniqueIdentifier>
    </Filter>
    <Filter Include="Source Files\glslang\glslang\Include">
      <UniqueIdentifier>{58551269-739e-446a-a680-af64e108cee6}</UniqueIdentifier>
    </Filter>
    <Filter Include="Source Files\glslang\glslang\MachineIndependent">
      <UniqueIdentifier>{7427e257-70dc-4fc8-acbc-c263b8905a36}</UniqueIdentifier>
    </Filter>
    <Filter Include="Source Files\glslang\glslang\MachineIndependent\preprocessor">
      <UniqueIdentifier>{a06ecced-fb2a-4251-a287-ba7b9182be10}</UniqueIdentifier>
    </Filter>
    <Filter Include="Source Files\glslang\glslang\OSDependent">
      <UniqueIdentifier>{3187fb72-62e0-49f5-a8ac-9a8c7a42cd39}</UniqueIdentifier>
    </Filter>
    <Filter Include="Source Files\glslang\glslang\OSDependent\Windows">
      <UniqueIdentifier>{c83929bf-f000-4475-95eb-6d99c7370a2e}</UniqueIdentifier>
    </Filter>
    <Filter Include="Source Files\glslang\glslang\Public">
      <UniqueIdentifier>{76af1563-070f-4940-a154-1a18eafb91b3}</UniqueIdentifier>
    </Filter>
  </ItemGroup>
  <ItemGroup>
    <ClCompile Include="..\..\source\glslang\glslang\glslang\GenericCodeGen\CodeGen.cpp">
      <Filter>Source Files\glslang\glslang\GenericCodeGen</Filter>
    </ClCompile>
    <ClCompile Include="..\..\source\glslang\glslang\glslang\GenericCodeGen\Link.cpp">
      <Filter>Source Files\glslang\glslang\GenericCodeGen</Filter>
    </ClCompile>
    <ClCompile Include="..\..\source\glslang\glslang\glslang\MachineIndependent\preprocessor\Pp.cpp">
      <Filter>Source Files\glslang\glslang\MachineIndependent\preprocessor</Filter>
    </ClCompile>
    <ClCompile Include="..\..\source\glslang\glslang\glslang\MachineIndependent\preprocessor\PpAtom.cpp">
      <Filter>Source Files\glslang\glslang\MachineIndependent\preprocessor</Filter>
    </ClCompile>
    <ClCompile Include="..\..\source\glslang\glslang\glslang\MachineIndependent\preprocessor\PpContext.cpp">
      <Filter>Source Files\glslang\glslang\MachineIndependent\preprocessor</Filter>
    </ClCompile>
    <ClCompile Include="..\..\source\glslang\glslang\glslang\MachineIndependent\preprocessor\PpMemory.cpp">
      <Filter>Source Files\glslang\glslang\MachineIndependent\preprocessor</Filter>
    </ClCompile>
    <ClCompile Include="..\..\source\glslang\glslang\glslang\MachineIndependent\preprocessor\PpScanner.cpp">
      <Filter>Source Files\glslang\glslang\MachineIndependent\preprocessor</Filter>
    </ClCompile>
    <ClCompile Include="..\..\source\glslang\glslang\glslang\MachineIndependent\preprocessor\PpSymbols.cpp">
      <Filter>Source Files\glslang\glslang\MachineIndependent\preprocessor</Filter>
    </ClCompile>
    <ClCompile Include="..\..\source\glslang\glslang\glslang\MachineIndependent\preprocessor\PpTokens.cpp">
      <Filter>Source Files\glslang\glslang\MachineIndependent\preprocessor</Filter>
    </ClCompile>
    <ClCompile Include="..\..\source\glslang\glslang\glslang\MachineIndependent\glslang_tab.cpp">
      <Filter>Source Files\glslang\glslang\MachineIndependent</Filter>
    </ClCompile>
    <ClCompile Include="..\..\source\glslang\glslang\glslang\MachineIndependent\InfoSink.cpp">
      <Filter>Source Files\glslang\glslang\MachineIndependent</Filter>
    </ClCompile>
    <ClCompile Include="..\..\source\glslang\glslang\glslang\MachineIndependent\Initialize.cpp">
      <Filter>Source Files\glslang\glslang\MachineIndependent</Filter>
    </ClCompile>
    <ClCompile Include="..\..\source\glslang\glslang\glslang\MachineIndependent\Intermediate.cpp">
      <Filter>Source Files\glslang\glslang\MachineIndependent</Filter>
    </ClCompile>
    <ClCompile Include="..\..\source\glslang\glslang\glslang\MachineIndependent\intermOut.cpp">
      <Filter>Source Files\glslang\glslang\MachineIndependent</Filter>
    </ClCompile>
    <ClCompile Include="..\..\source\glslang\glslang\glslang\MachineIndependent\IntermTraverse.cpp">
      <Filter>Source Files\glslang\glslang\MachineIndependent</Filter>
    </ClCompile>
    <ClCompile Include="..\..\source\glslang\glslang\glslang\MachineIndependent\iomapper.cpp">
      <Filter>Source Files\glslang\glslang\MachineIndependent</Filter>
    </ClCompile>
    <ClCompile Include="..\..\source\glslang\glslang\glslang\MachineIndependent\limits.cpp">
      <Filter>Source Files\glslang\glslang\MachineIndependent</Filter>
    </ClCompile>
    <ClCompile Include="..\..\source\glslang\glslang\glslang\MachineIndependent\linkValidate.cpp">
      <Filter>Source Files\glslang\glslang\MachineIndependent</Filter>
    </ClCompile>
    <ClCompile Include="..\..\source\glslang\glslang\glslang\MachineIndependent\parseConst.cpp">
      <Filter>Source Files\glslang\glslang\MachineIndependent</Filter>
    </ClCompile>
    <ClCompile Include="..\..\source\glslang\glslang\glslang\MachineIndependent\ParseContextBase.cpp">
      <Filter>Source Files\glslang\glslang\MachineIndependent</Filter>
    </ClCompile>
    <ClCompile Include="..\..\source\glslang\glslang\glslang\MachineIndependent\ParseHelper.cpp">
      <Filter>Source Files\glslang\glslang\MachineIndependent</Filter>
    </ClCompile>
    <ClCompile Include="..\..\source\glslang\glslang\glslang\MachineIndependent\PoolAlloc.cpp">
      <Filter>Source Files\glslang\glslang\MachineIndependent</Filter>
    </ClCompile>
    <ClCompile Include="..\..\source\glslang\glslang\glslang\MachineIndependent\propagateNoContraction.cpp">
      <Filter>Source Files\glslang\glslang\MachineIndependent</Filter>
    </ClCompile>
    <ClCompile Include="..\..\source\glslang\glslang\glslang\MachineIndependent\reflection.cpp">
      <Filter>Source Files\glslang\glslang\MachineIndependent</Filter>
    </ClCompile>
    <ClCompile Include="..\..\source\glslang\glslang\glslang\MachineIndependent\RemoveTree.cpp">
      <Filter>Source Files\glslang\glslang\MachineIndependent</Filter>
    </ClCompile>
    <ClCompile Include="..\..\source\glslang\glslang\glslang\MachineIndependent\Scan.cpp">
      <Filter>Source Files\glslang\glslang\MachineIndependent</Filter>
    </ClCompile>
    <ClCompile Include="..\..\source\glslang\glslang\glslang\MachineIndependent\ShaderLang.cpp">
      <Filter>Source Files\glslang\glslang\MachineIndependent</Filter>
    </ClCompile>
    <ClCompile Include="..\..\source\glslang\glslang\glslang\MachineIndependent\SymbolTable.cpp">
      <Filter>Source Files\glslang\glslang\MachineIndependent</Filter>
    </ClCompile>
    <ClCompile Include="..\..\source\glslang\glslang\glslang\MachineIndependent\Versions.cpp">
      <Filter>Source Files\glslang\glslang\MachineIndependent</Filter>
    </ClCompile>
    <ClCompile Include="..\..\source\glslang\glslang\glslang\MachineIndependent\Constant.cpp">
      <Filter>Source Files\glslang\glslang\MachineIndependent</Filter>
    </ClCompile>
    <ClCompile Include="..\..\source\glslang\glslang\glslang\OSDependent\Windows\ossource.cpp">
      <Filter>Source Files\glslang\glslang\OSDependent\Windows</Filter>
    </ClCompile>
    <ClCompile Include="..\..\source\glslang\glslang\hlsl\hlslAttributes.cpp">
      <Filter>Source Files\glslang\hlsl</Filter>
    </ClCompile>
    <ClCompile Include="..\..\source\glslang\glslang\hlsl\hlslGrammar.cpp">
      <Filter>Source Files\glslang\hlsl</Filter>
    </ClCompile>
    <ClCompile Include="..\..\source\glslang\glslang\hlsl\hlslOpMap.cpp">
      <Filter>Source Files\glslang\hlsl</Filter>
    </ClCompile>
    <ClCompile Include="..\..\source\glslang\glslang\hlsl\hlslParseables.cpp">
      <Filter>Source Files\glslang\hlsl</Filter>
    </ClCompile>
    <ClCompile Include="..\..\source\glslang\glslang\hlsl\hlslParseHelper.cpp">
      <Filter>Source Files\glslang\hlsl</Filter>
    </ClCompile>
    <ClCompile Include="..\..\source\glslang\glslang\hlsl\hlslScanContext.cpp">
      <Filter>Source Files\glslang\hlsl</Filter>
    </ClCompile>
    <ClCompile Include="..\..\source\glslang\glslang\hlsl\hlslTokenStream.cpp">
      <Filter>Source Files\glslang\hlsl</Filter>
    </ClCompile>
    <ClCompile Include="..\..\source\glslang\glslang\SPIRV\disassemble.cpp">
      <Filter>Source Files\glslang\SPIRV</Filter>
    </ClCompile>
    <ClCompile Include="..\..\source\glslang\glslang\SPIRV\doc.cpp">
      <Filter>Source Files\glslang\SPIRV</Filter>
    </ClCompile>
    <ClCompile Include="..\..\source\glslang\glslang\SPIRV\GlslangToSpv.cpp">
      <Filter>Source Files\glslang\SPIRV</Filter>
    </ClCompile>
    <ClCompile Include="..\..\source\glslang\glslang\SPIRV\InReadableOrder.cpp">
      <Filter>Source Files\glslang\SPIRV</Filter>
    </ClCompile>
    <ClCompile Include="..\..\source\glslang\glslang\SPIRV\Logger.cpp">
      <Filter>Source Files\glslang\SPIRV</Filter>
    </ClCompile>
    <ClCompile Include="..\..\source\glslang\glslang\SPIRV\SpvBuilder.cpp">
      <Filter>Source Files\glslang\SPIRV</Filter>
    </ClCompile>
    <ClCompile Include="..\..\source\glslang\glslang\SPIRV\SPVRemapper.cpp">
      <Filter>Source Files\glslang\SPIRV</Filter>
    </ClCompile>
    <ClCompile Include="..\..\source\glslang\glslang\OGLCompilersDLL\InitializeDll.cpp">
      <Filter>Source Files\glslang\OGLCompilersDLL</Filter>
    </ClCompile>
  </ItemGroup>
  <ItemGroup>
    <ClInclude Include="..\..\source\glslang\glslang\glslang\Include\arrays.h">
      <Filter>Source Files\glslang\glslang\Include</Filter>
    </ClInclude>
    <ClInclude Include="..\..\source\glslang\glslang\glslang\Include\BaseTypes.h">
      <Filter>Source Files\glslang\glslang\Include</Filter>
    </ClInclude>
    <ClInclude Include="..\..\source\glslang\glslang\glslang\Include\Common.h">
      <Filter>Source Files\glslang\glslang\Include</Filter>
    </ClInclude>
    <ClInclude Include="..\..\source\glslang\glslang\glslang\Include\ConstantUnion.h">
      <Filter>Source Files\glslang\glslang\Include</Filter>
    </ClInclude>
    <ClInclude Include="..\..\source\glslang\glslang\glslang\Include\InfoSink.h">
      <Filter>Source Files\glslang\glslang\Include</Filter>
    </ClInclude>
    <ClInclude Include="..\..\source\glslang\glslang\glslang\Include\InitializeGlobals.h">
      <Filter>Source Files\glslang\glslang\Include</Filter>
    </ClInclude>
    <ClInclude Include="..\..\source\glslang\glslang\glslang\Include\intermediate.h">
      <Filter>Source Files\glslang\glslang\Include</Filter>
    </ClInclude>
    <ClInclude Include="..\..\source\glslang\glslang\glslang\Include\PoolAlloc.h">
      <Filter>Source Files\glslang\glslang\Include</Filter>
    </ClInclude>
    <ClInclude Include="..\..\source\glslang\glslang\glslang\Include\ResourceLimits.h">
      <Filter>Source Files\glslang\glslang\Include</Filter>
    </ClInclude>
    <ClInclude Include="..\..\source\glslang\glslang\glslang\Include\revision.h">
      <Filter>Source Files\glslang\glslang\Include</Filter>
    </ClInclude>
    <ClInclude Include="..\..\source\glslang\glslang\glslang\Include\ShHandle.h">
      <Filter>Source Files\glslang\glslang\Include</Filter>
    </ClInclude>
    <ClInclude Include="..\..\source\glslang\glslang\glslang\Include\Types.h">
      <Filter>Source Files\glslang\glslang\Include</Filter>
    </ClInclude>
    <ClInclude Include="..\..\source\glslang\glslang\glslang\MachineIndependent\preprocessor\PpContext.h">
      <Filter>Source Files\glslang\glslang\MachineIndependent\preprocessor</Filter>
    </ClInclude>
    <ClInclude Include="..\..\source\glslang\glslang\glslang\MachineIndependent\preprocessor\PpTokens.h">
      <Filter>Source Files\glslang\glslang\MachineIndependent\preprocessor</Filter>
    </ClInclude>
    <ClInclude Include="..\..\source\glslang\glslang\glslang\MachineIndependent\gl_types.h">
      <Filter>Source Files\glslang\glslang\MachineIndependent</Filter>
    </ClInclude>
    <ClInclude Include="..\..\source\glslang\glslang\glslang\MachineIndependent\glslang_tab.cpp.h">
      <Filter>Source Files\glslang\glslang\MachineIndependent</Filter>
    </ClInclude>
    <ClInclude Include="..\..\source\glslang\glslang\glslang\MachineIndependent\Initialize.h">
      <Filter>Source Files\glslang\glslang\MachineIndependent</Filter>
    </ClInclude>
    <ClInclude Include="..\..\source\glslang\glslang\glslang\MachineIndependent\iomapper.h">
      <Filter>Source Files\glslang\glslang\MachineIndependent</Filter>
    </ClInclude>
    <ClInclude Include="..\..\source\glslang\glslang\glslang\MachineIndependent\LiveTraverser.h">
      <Filter>Source Files\glslang\glslang\MachineIndependent</Filter>
    </ClInclude>
    <ClInclude Include="..\..\source\glslang\glslang\glslang\MachineIndependent\localintermediate.h">
      <Filter>Source Files\glslang\glslang\MachineIndependent</Filter>
    </ClInclude>
    <ClInclude Include="..\..\source\glslang\glslang\glslang\MachineIndependent\ParseHelper.h">
      <Filter>Source Files\glslang\glslang\MachineIndependent</Filter>
    </ClInclude>
    <ClInclude Include="..\..\source\glslang\glslang\glslang\MachineIndependent\parseVersions.h">
      <Filter>Source Files\glslang\glslang\MachineIndependent</Filter>
    </ClInclude>
    <ClInclude Include="..\..\source\glslang\glslang\glslang\MachineIndependent\propagateNoContraction.h">
      <Filter>Source Files\glslang\glslang\MachineIndependent</Filter>
    </ClInclude>
    <ClInclude Include="..\..\source\glslang\glslang\glslang\MachineIndependent\reflection.h">
      <Filter>Source Files\glslang\glslang\MachineIndependent</Filter>
    </ClInclude>
    <ClInclude Include="..\..\source\glslang\glslang\glslang\MachineIndependent\RemoveTree.h">
      <Filter>Source Files\glslang\glslang\MachineIndependent</Filter>
    </ClInclude>
    <ClInclude Include="..\..\source\glslang\glslang\glslang\MachineIndependent\Scan.h">
      <Filter>Source Files\glslang\glslang\MachineIndependent</Filter>
    </ClInclude>
    <ClInclude Include="..\..\source\glslang\glslang\glslang\MachineIndependent\ScanContext.h">
      <Filter>Source Files\glslang\glslang\MachineIndependent</Filter>
    </ClInclude>
    <ClInclude Include="..\..\source\glslang\glslang\glslang\MachineIndependent\SymbolTable.h">
      <Filter>Source Files\glslang\glslang\MachineIndependent</Filter>
    </ClInclude>
    <ClInclude Include="..\..\source\glslang\glslang\glslang\MachineIndependent\Versions.h">
      <Filter>Source Files\glslang\glslang\MachineIndependent</Filter>
    </ClInclude>
    <ClInclude Include="..\..\source\glslang\glslang\glslang\Public\ShaderLang.h">
      <Filter>Source Files\glslang\glslang\Public</Filter>
    </ClInclude>
    <ClInclude Include="..\..\source\glslang\glslang\glslang\OSDependent\osinclude.h">
      <Filter>Source Files\glslang\glslang\OSDependent</Filter>
    </ClInclude>
    <ClInclude Include="..\..\source\glslang\glslang\hlsl\hlslAttributes.h">
      <Filter>Source Files\glslang\hlsl</Filter>
    </ClInclude>
    <ClInclude Include="..\..\source\glslang\glslang\hlsl\hlslGrammar.h">
      <Filter>Source Files\glslang\hlsl</Filter>
    </ClInclude>
    <ClInclude Include="..\..\source\glslang\glslang\hlsl\hlslOpMap.h">
      <Filter>Source Files\glslang\hlsl</Filter>
    </ClInclude>
    <ClInclude Include="..\..\source\glslang\glslang\hlsl\hlslParseables.h">
      <Filter>Source Files\glslang\hlsl</Filter>
    </ClInclude>
    <ClInclude Include="..\..\source\glslang\glslang\hlsl\hlslParseHelper.h">
      <Filter>Source Files\glslang\hlsl</Filter>
    </ClInclude>
    <ClInclude Include="..\..\source\glslang\glslang\hlsl\hlslScanContext.h">
      <Filter>Source Files\glslang\hlsl</Filter>
    </ClInclude>
    <ClInclude Include="..\..\source\glslang\glslang\hlsl\hlslTokens.h">
      <Filter>Source Files\glslang\hlsl</Filter>
    </ClInclude>
    <ClInclude Include="..\..\source\glslang\glslang\hlsl\hlslTokenStream.h">
      <Filter>Source Files\glslang\hlsl</Filter>
    </ClInclude>
    <ClInclude Include="..\..\source\glslang\glslang\SPIRV\bitutils.h">
      <Filter>Source Files\glslang\SPIRV</Filter>
    </ClInclude>
    <ClInclude Include="..\..\source\glslang\glslang\SPIRV\disassemble.h">
      <Filter>Source Files\glslang\SPIRV</Filter>
    </ClInclude>
    <ClInclude Include="..\..\source\glslang\glslang\SPIRV\doc.h">
      <Filter>Source Files\glslang\SPIRV</Filter>
    </ClInclude>
    <ClInclude Include="..\..\source\glslang\glslang\SPIRV\GLSL.ext.AMD.h">
      <Filter>Source Files\glslang\SPIRV</Filter>
    </ClInclude>
    <ClInclude Include="..\..\source\glslang\glslang\SPIRV\GLSL.ext.KHR.h">
      <Filter>Source Files\glslang\SPIRV</Filter>
    </ClInclude>
    <ClInclude Include="..\..\source\glslang\glslang\SPIRV\GLSL.ext.NV.h">
      <Filter>Source Files\glslang\SPIRV</Filter>
    </ClInclude>
    <ClInclude Include="..\..\source\glslang\glslang\SPIRV\GLSL.std.450.h">
      <Filter>Source Files\glslang\SPIRV</Filter>
    </ClInclude>
    <ClInclude Include="..\..\source\glslang\glslang\SPIRV\GlslangToSpv.h">
      <Filter>Source Files\glslang\SPIRV</Filter>
    </ClInclude>
    <ClInclude Include="..\..\source\glslang\glslang\SPIRV\hex_float.h">
      <Filter>Source Files\glslang\SPIRV</Filter>
    </ClInclude>
    <ClInclude Include="..\..\source\glslang\glslang\SPIRV\Logger.h">
      <Filter>Source Files\glslang\SPIRV</Filter>
    </ClInclude>
    <ClInclude Include="..\..\source\glslang\glslang\SPIRV\spirv.hpp">
      <Filter>Source Files\glslang\SPIRV</Filter>
    </ClInclude>
    <ClInclude Include="..\..\source\glslang\glslang\SPIRV\SpvBuilder.h">
      <Filter>Source Files\glslang\SPIRV</Filter>
    </ClInclude>
    <ClInclude Include="..\..\source\glslang\glslang\SPIRV\spvIR.h">
      <Filter>Source Files\glslang\SPIRV</Filter>
    </ClInclude>
    <ClInclude Include="..\..\source\glslang\glslang\SPIRV\SPVRemapper.h">
      <Filter>Source Files\glslang\SPIRV</Filter>
    </ClInclude>
    <ClInclude Include="..\..\source\glslang\glslang\OGLCompilersDLL\InitializeDll.h">
      <Filter>Source Files\glslang\OGLCompilersDLL</Filter>
    </ClInclude>
  </ItemGroup>
</Project>