<?xml version="1.0" encoding="utf-8"?>
<Project ToolsVersion="4.0" xmlns="http://schemas.microsoft.com/developer/msbuild/2003">
  <ItemGroup>
    <Filter Include="Source Files">
      <UniqueIdentifier>{62d6ad95-ac49-4857-8951-77b33c294875}</UniqueIdentifier>
    </Filter>
    <Filter Include="Source Files\edtaa3">
      <UniqueIdentifier>{88f945c7-e17f-45d9-87b1-0e382b8840aa}</UniqueIdentifier>
    </Filter>
    <Filter Include="Source Files\etc1">
      <UniqueIdentifier>{c8a79995-793a-4670-9619-3f6c719a3bef}</UniqueIdentifier>
    </Filter>
    <Filter Include="Source Files\etc2">
      <UniqueIdentifier>{43c1958b-e683-4458-a6ec-4d408219aeb7}</UniqueIdentifier>
    </Filter>
    <Filter Include="Source Files\iqa">
      <UniqueIdentifier>{47416113-a3ea-4e1d-ac15-6d390f916b21}</UniqueIdentifier>
    </Filter>
    <Filter Include="Source Files\libsquish">
      <UniqueIdentifier>{266a7279-0796-4307-9432-e0992b130d64}</UniqueIdentifier>
    </Filter>
    <Filter Include="Source Files\nvtt">
      <UniqueIdentifier>{0ca9a504-8404-4d53-803c-d00d428d40c9}</UniqueIdentifier>
    </Filter>
    <Filter Include="Source Files\pvrtc">
      <UniqueIdentifier>{5d001822-ca76-4248-827a-dcf83d130e8e}</UniqueIdentifier>
    </Filter>
    <Filter Include="Source Files\tinyexr">
      <UniqueIdentifier>{6ec51a5f-0438-4e01-ad37-f17d41ce092e}</UniqueIdentifier>
    </Filter>
    <Filter Include="Source Files\iqa\include">
      <UniqueIdentifier>{a4d8f8f3-5132-4864-8a2b-236baade9f47}</UniqueIdentifier>
    </Filter>
    <Filter Include="Source Files\iqa\source">
      <UniqueIdentifier>{140503ce-b87d-4ce2-a436-5de39eb2e8c2}</UniqueIdentifier>
    </Filter>
    <Filter Include="Source Files\nvtt\bc6h">
      <UniqueIdentifier>{31bd9f8d-3892-4830-8d76-36e2e1f0832b}</UniqueIdentifier>
    </Filter>
    <Filter Include="Source Files\nvtt\bc7">
      <UniqueIdentifier>{df141dd9-8cc7-4c29-973b-a5069060cbbc}</UniqueIdentifier>
    </Filter>
    <Filter Include="Source Files\nvtt\nvcore">
      <UniqueIdentifier>{06da4a17-9a9d-4d29-87b5-92f4c687dd9b}</UniqueIdentifier>
    </Filter>
    <Filter Include="Source Files\nvtt\nvmath">
      <UniqueIdentifier>{36aa7f17-9173-4066-8969-ef2d479c2290}</UniqueIdentifier>
    </Filter>
  </ItemGroup>
  <ItemGroup>
    <ClCompile Include="..\..\source\texturec\texturec.cpp">
      <Filter>Source Files</Filter>
    </ClCompile>
    <ClCompile Include="..\..\source\texturec\edtaa3\edtaa3func.cpp">
      <Filter>Source Files\edtaa3</Filter>
    </ClCompile>
    <ClCompile Include="..\..\source\texturec\etc1\etc1.cpp">
      <Filter>Source Files\etc1</Filter>
    </ClCompile>
    <ClCompile Include="..\..\source\texturec\etc2\ProcessRGB.cpp">
      <Filter>Source Files\etc2</Filter>
    </ClCompile>
    <ClCompile Include="..\..\source\texturec\etc2\Tables.cpp">
      <Filter>Source Files\etc2</Filter>
    </ClCompile>
    <ClCompile Include="..\..\source\texturec\iqa\source\convolve.c">
      <Filter>Source Files\iqa\source</Filter>
    </ClCompile>
    <ClCompile Include="..\..\source\texturec\iqa\source\decimate.c">
      <Filter>Source Files\iqa\source</Filter>
    </ClCompile>
    <ClCompile Include="..\..\source\texturec\iqa\source\math_utils.c">
      <Filter>Source Files\iqa\source</Filter>
    </ClCompile>
    <ClCompile Include="..\..\source\texturec\iqa\source\mse.c">
      <Filter>Source Files\iqa\source</Filter>
    </ClCompile>
    <ClCompile Include="..\..\source\texturec\iqa\source\ms_ssim.c">
      <Filter>Source Files\iqa\source</Filter>
    </ClCompile>
    <ClCompile Include="..\..\source\texturec\iqa\source\psnr.c">
      <Filter>Source Files\iqa\source</Filter>
    </ClCompile>
    <ClCompile Include="..\..\source\texturec\iqa\source\ssim.c">
      <Filter>Source Files\iqa\source</Filter>
    </ClCompile>
    <ClCompile Include="..\..\source\texturec\libsquish\alpha.cpp">
      <Filter>Source Files\libsquish</Filter>
    </ClCompile>
    <ClCompile Include="..\..\source\texturec\libsquish\clusterfit.cpp">
      <Filter>Source Files\libsquish</Filter>
    </ClCompile>
    <ClCompile Include="..\..\source\texturec\libsquish\colourblock.cpp">
      <Filter>Source Files\libsquish</Filter>
    </ClCompile>
    <ClCompile Include="..\..\source\texturec\libsquish\colourfit.cpp">
      <Filter>Source Files\libsquish</Filter>
    </ClCompile>
    <ClCompile Include="..\..\source\texturec\libsquish\colourset.cpp">
      <Filter>Source Files\libsquish</Filter>
    </ClCompile>
    <ClCompile Include="..\..\source\texturec\libsquish\maths.cpp">
      <Filter>Source Files\libsquish</Filter>
    </ClCompile>
    <ClCompile Include="..\..\source\texturec\libsquish\rangefit.cpp">
      <Filter>Source Files\libsquish</Filter>
    </ClCompile>
    <ClCompile Include="..\..\source\texturec\libsquish\singlecolourfit.cpp">
      <Filter>Source Files\libsquish</Filter>
    </ClCompile>
    <ClCompile Include="..\..\source\texturec\libsquish\squish.cpp">
      <Filter>Source Files\libsquish</Filter>
    </ClCompile>
    <ClCompile Include="..\..\source\texturec\pvrtc\BitScale.cpp">
      <Filter>Source Files\pvrtc</Filter>
    </ClCompile>
    <ClCompile Include="..\..\source\texturec\pvrtc\MortonTable.cpp">
      <Filter>Source Files\pvrtc</Filter>
    </ClCompile>
    <ClCompile Include="..\..\source\texturec\pvrtc\PvrTcDecoder.cpp">
      <Filter>Source Files\pvrtc</Filter>
    </ClCompile>
    <ClCompile Include="..\..\source\texturec\pvrtc\PvrTcEncoder.cpp">
      <Filter>Source Files\pvrtc</Filter>
    </ClCompile>
    <ClCompile Include="..\..\source\texturec\pvrtc\PvrTcPacket.cpp">
      <Filter>Source Files\pvrtc</Filter>
    </ClCompile>
    <ClCompile Include="..\..\source\texturec\nvtt\nvmath\fitting.cpp">
      <Filter>Source Files\nvtt\nvmath</Filter>
    </ClCompile>
    <ClCompile Include="..\..\source\texturec\nvtt\bc7\avpcl.cpp">
      <Filter>Source Files\nvtt\bc7</Filter>
    </ClCompile>
    <ClCompile Include="..\..\source\texturec\nvtt\bc7\avpcl_mode0.cpp">
      <Filter>Source Files\nvtt\bc7</Filter>
    </ClCompile>
    <ClCompile Include="..\..\source\texturec\nvtt\bc7\avpcl_mode1.cpp">
      <Filter>Source Files\nvtt\bc7</Filter>
    </ClCompile>
    <ClCompile Include="..\..\source\texturec\nvtt\bc7\avpcl_mode2.cpp">
      <Filter>Source Files\nvtt\bc7</Filter>
    </ClCompile>
    <ClCompile Include="..\..\source\texturec\nvtt\bc7\avpcl_mode3.cpp">
      <Filter>Source Files\nvtt\bc7</Filter>
    </ClCompile>
    <ClCompile Include="..\..\source\texturec\nvtt\bc7\avpcl_mode4.cpp">
      <Filter>Source Files\nvtt\bc7</Filter>
    </ClCompile>
    <ClCompile Include="..\..\source\texturec\nvtt\bc7\avpcl_mode5.cpp">
      <Filter>Source Files\nvtt\bc7</Filter>
    </ClCompile>
    <ClCompile Include="..\..\source\texturec\nvtt\bc7\avpcl_mode6.cpp">
      <Filter>Source Files\nvtt\bc7</Filter>
    </ClCompile>
    <ClCompile Include="..\..\source\texturec\nvtt\bc7\avpcl_mode7.cpp">
      <Filter>Source Files\nvtt\bc7</Filter>
    </ClCompile>
    <ClCompile Include="..\..\source\texturec\nvtt\bc7\avpcl_utils.cpp">
      <Filter>Source Files\nvtt\bc7</Filter>
    </ClCompile>
    <ClCompile Include="..\..\source\texturec\nvtt\bc6h\zoh.cpp">
      <Filter>Source Files\nvtt\bc6h</Filter>
    </ClCompile>
    <ClCompile Include="..\..\source\texturec\nvtt\bc6h\zohone.cpp">
      <Filter>Source Files\nvtt\bc6h</Filter>
    </ClCompile>
    <ClCompile Include="..\..\source\texturec\nvtt\bc6h\zohtwo.cpp">
      <Filter>Source Files\nvtt\bc6h</Filter>
    </ClCompile>
    <ClCompile Include="..\..\source\texturec\nvtt\bc6h\zoh_utils.cpp">
      <Filter>Source Files\nvtt\bc6h</Filter>
    </ClCompile>
    <ClCompile Include="..\..\source\texturec\nvtt\nvtt.cpp">
      <Filter>Source Files\nvtt</Filter>
    </ClCompile>
  </ItemGroup>
  <ItemGroup>
    <ClInclude Include="..\..\source\texturec\texturec.h">
      <Filter>Source Files</Filter>
    </ClInclude>
    <ClInclude Include="..\..\source\texturec\edtaa3\edtaa3func.h">
      <Filter>Source Files\edtaa3</Filter>
    </ClInclude>
    <ClInclude Include="..\..\source\texturec\etc1\etc1.h">
      <Filter>Source Files\etc1</Filter>
    </ClInclude>
    <ClInclude Include="..\..\source\texturec\etc2\Math.hpp">
      <Filter>Source Files\etc2</Filter>
    </ClInclude>
    <ClInclude Include="..\..\source\texturec\etc2\ProcessCommon.hpp">
      <Filter>Source Files\etc2</Filter>
    </ClInclude>
    <ClInclude Include="..\..\source\texturec\etc2\ProcessRGB.hpp">
      <Filter>Source Files\etc2</Filter>
    </ClInclude>
    <ClInclude Include="..\..\source\texturec\etc2\Tables.hpp">
      <Filter>Source Files\etc2</Filter>
    </ClInclude>
    <ClInclude Include="..\..\source\texturec\etc2\Types.hpp">
      <Filter>Source Files\etc2</Filter>
    </ClInclude>
    <ClInclude Include="..\..\source\texturec\etc2\Vector.hpp">
      <Filter>Source Files\etc2</Filter>
    </ClInclude>
    <ClInclude Include="..\..\source\texturec\iqa\include\convolve.h">
      <Filter>Source Files\iqa\include</Filter>
    </ClInclude>
    <ClInclude Include="..\..\source\texturec\iqa\include\decimate.h">
      <Filter>Source Files\iqa\include</Filter>
    </ClInclude>
    <ClInclude Include="..\..\source\texturec\iqa\include\iqa.h">
      <Filter>Source Files\iqa\include</Filter>
    </ClInclude>
    <ClInclude Include="..\..\source\texturec\iqa\include\iqa_os.h">
      <Filter>Source Files\iqa\include</Filter>
    </ClInclude>
    <ClInclude Include="..\..\source\texturec\iqa\include\math_utils.h">
      <Filter>Source Files\iqa\include</Filter>
    </ClInclude>
    <ClInclude Include="..\..\source\texturec\iqa\include\ssim.h">
      <Filter>Source Files\iqa\include</Filter>
    </ClInclude>
    <ClInclude Include="..\..\source\texturec\libsquish\alpha.h">
      <Filter>Source Files\libsquish</Filter>
    </ClInclude>
    <ClInclude Include="..\..\source\texturec\libsquish\clusterfit.h">
      <Filter>Source Files\libsquish</Filter>
    </ClInclude>
    <ClInclude Include="..\..\source\texturec\libsquish\colourblock.h">
      <Filter>Source Files\libsquish</Filter>
    </ClInclude>
    <ClInclude Include="..\..\source\texturec\libsquish\colourfit.h">
      <Filter>Source Files\libsquish</Filter>
    </ClInclude>
    <ClInclude Include="..\..\source\texturec\libsquish\colourset.h">
      <Filter>Source Files\libsquish</Filter>
    </ClInclude>
    <ClInclude Include="..\..\source\texturec\libsquish\config.h">
      <Filter>Source Files\libsquish</Filter>
    </ClInclude>
    <ClInclude Include="..\..\source\texturec\libsquish\maths.h">
      <Filter>Source Files\libsquish</Filter>
    </ClInclude>
    <ClInclude Include="..\..\source\texturec\libsquish\rangefit.h">
      <Filter>Source Files\libsquish</Filter>
    </ClInclude>
    <ClInclude Include="..\..\source\texturec\libsquish\simd.h">
      <Filter>Source Files\libsquish</Filter>
    </ClInclude>
    <ClInclude Include="..\..\source\texturec\libsquish\simd_float.h">
      <Filter>Source Files\libsquish</Filter>
    </ClInclude>
    <ClInclude Include="..\..\source\texturec\libsquish\singlecolourfit.h">
      <Filter>Source Files\libsquish</Filter>
    </ClInclude>
    <ClInclude Include="..\..\source\texturec\libsquish\squish.h">
      <Filter>Source Files\libsquish</Filter>
    </ClInclude>
    <ClInclude Include="..\..\source\texturec\tinyexr\tinyexr.h">
      <Filter>Source Files\tinyexr</Filter>
    </ClInclude>
    <ClInclude Include="..\..\source\texturec\pvrtc\AlphaBitmap.h">
      <Filter>Source Files\pvrtc</Filter>
    </ClInclude>
    <ClInclude Include="..\..\source\texturec\pvrtc\Bitmap.h">
      <Filter>Source Files\pvrtc</Filter>
    </ClInclude>
    <ClInclude Include="..\..\source\texturec\pvrtc\BitScale.h">
      <Filter>Source Files\pvrtc</Filter>
    </ClInclude>
    <ClInclude Include="..\..\source\texturec\pvrtc\BitUtility.h">
      <Filter>Source Files\pvrtc</Filter>
    </ClInclude>
    <ClInclude Include="..\..\source\texturec\pvrtc\ColorRgba.h">
      <Filter>Source Files\pvrtc</Filter>
    </ClInclude>
    <ClInclude Include="..\..\source\texturec\pvrtc\Interval.h">
      <Filter>Source Files\pvrtc</Filter>
    </ClInclude>
    <ClInclude Include="..\..\source\texturec\pvrtc\MortonTable.h">
      <Filter>Source Files\pvrtc</Filter>
    </ClInclude>
    <ClInclude Include="..\..\source\texturec\pvrtc\Point2.h">
      <Filter>Source Files\pvrtc</Filter>
    </ClInclude>
    <ClInclude Include="..\..\source\texturec\pvrtc\PvrTcDecoder.h">
      <Filter>Source Files\pvrtc</Filter>
    </ClInclude>
    <ClInclude Include="..\..\source\texturec\pvrtc\PvrTcEncoder.h">
      <Filter>Source Files\pvrtc</Filter>
    </ClInclude>
    <ClInclude Include="..\..\source\texturec\pvrtc\PvrTcPacket.h">
      <Filter>Source Files\pvrtc</Filter>
    </ClInclude>
    <ClInclude Include="..\..\source\texturec\pvrtc\RgbaBitmap.h">
      <Filter>Source Files\pvrtc</Filter>
    </ClInclude>
    <ClInclude Include="..\..\source\texturec\pvrtc\RgbBitmap.h">
      <Filter>Source Files\pvrtc</Filter>
    </ClInclude>
    <ClInclude Include="..\..\source\texturec\nvtt\nvcore\array.h">
      <Filter>Source Files\nvtt\nvcore</Filter>
    </ClInclude>
    <ClInclude Include="..\..\source\texturec\nvtt\nvcore\debug.h">
      <Filter>Source Files\nvtt\nvcore</Filter>
    </ClInclude>
    <ClInclude Include="..\..\source\texturec\nvtt\nvcore\defsgnucdarwin.h">
      <Filter>Source Files\nvtt\nvcore</Filter>
    </ClInclude>
    <ClInclude Include="..\..\source\texturec\nvtt\nvcore\defsgnuclinux.h">
      <Filter>Source Files\nvtt\nvcore</Filter>
    </ClInclude>
    <ClInclude Include="..\..\source\texturec\nvtt\nvcore\defsgnucwin32.h">
      <Filter>Source Files\nvtt\nvcore</Filter>
    </ClInclude>
    <ClInclude Include="..\..\source\texturec\nvtt\nvcore\defsvcwin32.h">
      <Filter>Source Files\nvtt\nvcore</Filter>
    </ClInclude>
    <ClInclude Include="..\..\source\texturec\nvtt\nvcore\foreach.h">
      <Filter>Source Files\nvtt\nvcore</Filter>
    </ClInclude>
    <ClInclude Include="..\..\source\texturec\nvtt\nvcore\hash.h">
      <Filter>Source Files\nvtt\nvcore</Filter>
    </ClInclude>
    <ClInclude Include="..\..\source\texturec\nvtt\nvcore\memory.h">
      <Filter>Source Files\nvtt\nvcore</Filter>
    </ClInclude>
    <ClInclude Include="..\..\source\texturec\nvtt\nvcore\nvcore.h">
      <Filter>Source Files\nvtt\nvcore</Filter>
    </ClInclude>
    <ClInclude Include="..\..\source\texturec\nvtt\nvcore\posh.h">
      <Filter>Source Files\nvtt\nvcore</Filter>
    </ClInclude>
    <ClInclude Include="..\..\source\texturec\nvtt\nvcore\stdstream.h">
      <Filter>Source Files\nvtt\nvcore</Filter>
    </ClInclude>
    <ClInclude Include="..\..\source\texturec\nvtt\nvcore\stream.h">
      <Filter>Source Files\nvtt\nvcore</Filter>
    </ClInclude>
    <ClInclude Include="..\..\source\texturec\nvtt\nvcore\strlib.h">
      <Filter>Source Files\nvtt\nvcore</Filter>
    </ClInclude>
    <ClInclude Include="..\..\source\texturec\nvtt\nvcore\utils.h">
      <Filter>Source Files\nvtt\nvcore</Filter>
    </ClInclude>
    <ClInclude Include="..\..\source\texturec\nvtt\nvmath\fitting.h">
      <Filter>Source Files\nvtt\nvmath</Filter>
    </ClInclude>
    <ClInclude Include="..\..\source\texturec\nvtt\nvmath\matrix.h">
      <Filter>Source Files\nvtt\nvmath</Filter>
    </ClInclude>
    <ClInclude Include="..\..\source\texturec\nvtt\nvmath\nvmath.h">
      <Filter>Source Files\nvtt\nvmath</Filter>
    </ClInclude>
    <ClInclude Include="..\..\source\texturec\nvtt\nvmath\plane.h">
      <Filter>Source Files\nvtt\nvmath</Filter>
    </ClInclude>
    <ClInclude Include="..\..\source\texturec\nvtt\nvmath\vector.h">
      <Filter>Source Files\nvtt\nvmath</Filter>
    </ClInclude>
    <ClInclude Include="..\..\source\texturec\nvtt\bc7\avpcl.h">
      <Filter>Source Files\nvtt\bc7</Filter>
    </ClInclude>
    <ClInclude Include="..\..\source\texturec\nvtt\bc7\avpcl_utils.h">
      <Filter>Source Files\nvtt\bc7</Filter>
    </ClInclude>
    <ClInclude Include="..\..\source\texturec\nvtt\bc7\bits.h">
      <Filter>Source Files\nvtt\bc7</Filter>
    </ClInclude>
    <ClInclude Include="..\..\source\texturec\nvtt\bc7\endpts.h">
      <Filter>Source Files\nvtt\bc7</Filter>
    </ClInclude>
    <ClInclude Include="..\..\source\texturec\nvtt\bc7\shapes_three.h">
      <Filter>Source Files\nvtt\bc7</Filter>
    </ClInclude>
    <ClInclude Include="..\..\source\texturec\nvtt\bc7\shapes_two.h">
      <Filter>Source Files\nvtt\bc7</Filter>
    </ClInclude>
    <ClInclude Include="..\..\source\texturec\nvtt\bc7\tile.h">
      <Filter>Source Files\nvtt\bc7</Filter>
    </ClInclude>
    <ClInclude Include="..\..\source\texturec\nvtt\bc6h\bits.h">
      <Filter>Source Files\nvtt\bc6h</Filter>
    </ClInclude>
    <ClInclude Include="..\..\source\texturec\nvtt\bc6h\shapes_two.h">
      <Filter>Source Files\nvtt\bc6h</Filter>
    </ClInclude>
    <ClInclude Include="..\..\source\texturec\nvtt\bc6h\tile.h">
      <Filter>Source Files\nvtt\bc6h</Filter>
    </ClInclude>
    <ClInclude Include="..\..\source\texturec\nvtt\bc6h\zoh.h">
      <Filter>Source Files\nvtt\bc6h</Filter>
    </ClInclude>
    <ClInclude Include="..\..\source\texturec\nvtt\bc6h\zoh_utils.h">
      <Filter>Source Files\nvtt\bc6h</Filter>
    </ClInclude>
    <ClInclude Include="..\..\source\texturec\nvtt\nvtt.h">
      <Filter>Source Files\nvtt</Filter>
    </ClInclude>
  </ItemGroup>
  <ItemGroup>
    <None Include="..\..\source\texturec\libsquish\singlecolourlookup.inl">
      <Filter>Source Files\libsquish</Filter>
    </None>
    <None Include="..\..\source\texturec\nvtt\nvcore\array.inl">
      <Filter>Source Files\nvtt\nvcore</Filter>
    </None>
    <None Include="..\..\source\texturec\nvtt\nvmath\matrix.inl">
      <Filter>Source Files\nvtt\nvmath</Filter>
    </None>
    <None Include="..\..\source\texturec\nvtt\nvmath\plane.inl">
      <Filter>Source Files\nvtt\nvmath</Filter>
    </None>
    <None Include="..\..\source\texturec\nvtt\nvmath\vector.inl">
      <Filter>Source Files\nvtt\nvmath</Filter>
    </None>
  </ItemGroup>
</Project>